
Microsoft Visual Studio Solution File, Format Version 12.00
# Visual Studio Version 17
VisualStudioVersion = 17.0.31903.59
MinimumVisualStudioVersion = 10.0.40219.1
Project("{2150E333-8FDC-42A3-9474-1A3956D46DE8}") = "src", "src", "{827E0CD3-B72D-47B6-A68D-7590B98EB39B}"
EndProject
Project("{2150E333-8FDC-42A3-9474-1A3956D46DE8}") = "neutral", "neutral", "{1F655D57-935D-D295-E882-5052ED9A6376}"
EndProject
Project("{FAE04EC0-301F-11D3-BF4B-00C04F79EFBC}") = "Themia.AspNetCore", "src\neutral\Themia.AspNetCore\Themia.AspNetCore.csproj", "{004EF873-07FC-470F-A91B-8ECBE95C49BF}"
EndProject
Project("{2150E333-8FDC-42A3-9474-1A3956D46DE8}") = "tests", "tests", "{0AB3BF05-4346-4AA6-1389-037BE0695223}"
EndProject
Project("{FAE04EC0-301F-11D3-BF4B-00C04F79EFBC}") = "Themia.AspNetCore.Tests", "tests\Themia.AspNetCore.Tests\Themia.AspNetCore.Tests.csproj", "{DD20EE80-6E1E-434B-BCF5-0BEE63E575E0}"
EndProject
Project("{2150E333-8FDC-42A3-9474-1A3956D46DE8}") = "tooling", "tooling", "{7F838D22-BBCC-2189-DC58-FA0F43262481}"
EndProject
Project("{FAE04EC0-301F-11D3-BF4B-00C04F79EFBC}") = "Themia.Generators.Abstractions", "src\tooling\Themia.Generators.Abstractions\Themia.Generators.Abstractions.csproj", "{9542FF2C-2F21-4138-93D3-D7E18C7D56D4}"
EndProject
Project("{FAE04EC0-301F-11D3-BF4B-00C04F79EFBC}") = "Themia.Generators.Abstractions.Tests", "tests\Themia.Generators.Abstractions.Tests\Themia.Generators.Abstractions.Tests.csproj", "{7B7ADA87-775C-4974-AB55-BC478770B134}"
EndProject
Project("{FAE04EC0-301F-11D3-BF4B-00C04F79EFBC}") = "Themia.DependencyInjection", "src\neutral\Themia.DependencyInjection\Themia.DependencyInjection.csproj", "{716494CF-0CD2-4863-A011-207C0E68B2B4}"
EndProject
Project("{FAE04EC0-301F-11D3-BF4B-00C04F79EFBC}") = "Themia.DependencyInjection.Tests", "tests\Themia.DependencyInjection.Tests\Themia.DependencyInjection.Tests.csproj", "{2FFB29F0-177D-4D2F-956B-2F4B58991E73}"
EndProject
Project("{FAE04EC0-301F-11D3-BF4B-00C04F79EFBC}") = "Themia.SourceGenerator", "src\tooling\Themia.SourceGenerator\Themia.SourceGenerator.csproj", "{36D7F330-35B9-41E0-8216-E014B4569D9D}"
EndProject
Project("{FAE04EC0-301F-11D3-BF4B-00C04F79EFBC}") = "Themia.SourceGenerator.Tests", "tests\Themia.SourceGenerator.Tests\Themia.SourceGenerator.Tests.csproj", "{7BC2909D-B013-48D9-ABA1-88C4AA8F7791}"
EndProject
Project("{FAE04EC0-301F-11D3-BF4B-00C04F79EFBC}") = "Themia.Analyzers", "src\tooling\Themia.Analyzers\Themia.Analyzers.csproj", "{25C1444C-D62A-4550-B8C0-74AFA21B0D3A}"
EndProject
Project("{FAE04EC0-301F-11D3-BF4B-00C04F79EFBC}") = "Themia.Analyzers.Tests", "tests\Themia.Analyzers.Tests\Themia.Analyzers.Tests.csproj", "{06874F93-0433-4025-A3BF-7B145B833F28}"
EndProject
Global
	GlobalSection(SolutionConfigurationPlatforms) = preSolution
		Debug|Any CPU = Debug|Any CPU
		Debug|x64 = Debug|x64
		Debug|x86 = Debug|x86
		Release|Any CPU = Release|Any CPU
		Release|x64 = Release|x64
		Release|x86 = Release|x86
	EndGlobalSection
	GlobalSection(ProjectConfigurationPlatforms) = postSolution
		{004EF873-07FC-470F-A91B-8ECBE95C49BF}.Debug|Any CPU.ActiveCfg = Debug|Any CPU
		{004EF873-07FC-470F-A91B-8ECBE95C49BF}.Debug|Any CPU.Build.0 = Debug|Any CPU
		{004EF873-07FC-470F-A91B-8ECBE95C49BF}.Debug|x64.ActiveCfg = Debug|Any CPU
		{004EF873-07FC-470F-A91B-8ECBE95C49BF}.Debug|x64.Build.0 = Debug|Any CPU
		{004EF873-07FC-470F-A91B-8ECBE95C49BF}.Debug|x86.ActiveCfg = Debug|Any CPU
		{004EF873-07FC-470F-A91B-8ECBE95C49BF}.Debug|x86.Build.0 = Debug|Any CPU
		{004EF873-07FC-470F-A91B-8ECBE95C49BF}.Release|Any CPU.ActiveCfg = Release|Any CPU
		{004EF873-07FC-470F-A91B-8ECBE95C49BF}.Release|Any CPU.Build.0 = Release|Any CPU
		{004EF873-07FC-470F-A91B-8ECBE95C49BF}.Release|x64.ActiveCfg = Release|Any CPU
		{004EF873-07FC-470F-A91B-8ECBE95C49BF}.Release|x64.Build.0 = Release|Any CPU
		{004EF873-07FC-470F-A91B-8ECBE95C49BF}.Release|x86.ActiveCfg = Release|Any CPU
		{004EF873-07FC-470F-A91B-8ECBE95C49BF}.Release|x86.Build.0 = Release|Any CPU
		{DD20EE80-6E1E-434B-BCF5-0BEE63E575E0}.Debug|Any CPU.ActiveCfg = Debug|Any CPU
		{DD20EE80-6E1E-434B-BCF5-0BEE63E575E0}.Debug|Any CPU.Build.0 = Debug|Any CPU
		{DD20EE80-6E1E-434B-BCF5-0BEE63E575E0}.Debug|x64.ActiveCfg = Debug|Any CPU
		{DD20EE80-6E1E-434B-BCF5-0BEE63E575E0}.Debug|x64.Build.0 = Debug|Any CPU
		{DD20EE80-6E1E-434B-BCF5-0BEE63E575E0}.Debug|x86.ActiveCfg = Debug|Any CPU
		{DD20EE80-6E1E-434B-BCF5-0BEE63E575E0}.Debug|x86.Build.0 = Debug|Any CPU
		{DD20EE80-6E1E-434B-BCF5-0BEE63E575E0}.Release|Any CPU.ActiveCfg = Release|Any CPU
		{DD20EE80-6E1E-434B-BCF5-0BEE63E575E0}.Release|Any CPU.Build.0 = Release|Any CPU
		{DD20EE80-6E1E-434B-BCF5-0BEE63E575E0}.Release|x64.ActiveCfg = Release|Any CPU
		{DD20EE80-6E1E-434B-BCF5-0BEE63E575E0}.Release|x64.Build.0 = Release|Any CPU
		{DD20EE80-6E1E-434B-BCF5-0BEE63E575E0}.Release|x86.ActiveCfg = Release|Any CPU
		{DD20EE80-6E1E-434B-BCF5-0BEE63E575E0}.Release|x86.Build.0 = Release|Any CPU
		{9542FF2C-2F21-4138-93D3-D7E18C7D56D4}.Debug|Any CPU.ActiveCfg = Debug|Any CPU
		{9542FF2C-2F21-4138-93D3-D7E18C7D56D4}.Debug|Any CPU.Build.0 = Debug|Any CPU
		{9542FF2C-2F21-4138-93D3-D7E18C7D56D4}.Debug|x64.ActiveCfg = Debug|Any CPU
		{9542FF2C-2F21-4138-93D3-D7E18C7D56D4}.Debug|x64.Build.0 = Debug|Any CPU
		{9542FF2C-2F21-4138-93D3-D7E18C7D56D4}.Debug|x86.ActiveCfg = Debug|Any CPU
		{9542FF2C-2F21-4138-93D3-D7E18C7D56D4}.Debug|x86.Build.0 = Debug|Any CPU
		{9542FF2C-2F21-4138-93D3-D7E18C7D56D4}.Release|Any CPU.ActiveCfg = Release|Any CPU
		{9542FF2C-2F21-4138-93D3-D7E18C7D56D4}.Release|Any CPU.Build.0 = Release|Any CPU
		{9542FF2C-2F21-4138-93D3-D7E18C7D56D4}.Release|x64.ActiveCfg = Release|Any CPU
		{9542FF2C-2F21-4138-93D3-D7E18C7D56D4}.Release|x64.Build.0 = Release|Any CPU
		{9542FF2C-2F21-4138-93D3-D7E18C7D56D4}.Release|x86.ActiveCfg = Release|Any CPU
		{9542FF2C-2F21-4138-93D3-D7E18C7D56D4}.Release|x86.Build.0 = Release|Any CPU
		{7B7ADA87-775C-4974-AB55-BC478770B134}.Debug|Any CPU.ActiveCfg = Debug|Any CPU
		{7B7ADA87-775C-4974-AB55-BC478770B134}.Debug|Any CPU.Build.0 = Debug|Any CPU
		{7B7ADA87-775C-4974-AB55-BC478770B134}.Debug|x64.ActiveCfg = Debug|Any CPU
		{7B7ADA87-775C-4974-AB55-BC478770B134}.Debug|x64.Build.0 = Debug|Any CPU
		{7B7ADA87-775C-4974-AB55-BC478770B134}.Debug|x86.ActiveCfg = Debug|Any CPU
		{7B7ADA87-775C-4974-AB55-BC478770B134}.Debug|x86.Build.0 = Debug|Any CPU
		{7B7ADA87-775C-4974-AB55-BC478770B134}.Release|Any CPU.ActiveCfg = Release|Any CPU
		{7B7ADA87-775C-4974-AB55-BC478770B134}.Release|Any CPU.Build.0 = Release|Any CPU
		{7B7ADA87-775C-4974-AB55-BC478770B134}.Release|x64.ActiveCfg = Release|Any CPU
		{7B7ADA87-775C-4974-AB55-BC478770B134}.Release|x64.Build.0 = Release|Any CPU
		{7B7ADA87-775C-4974-AB55-BC478770B134}.Release|x86.ActiveCfg = Release|Any CPU
		{7B7ADA87-775C-4974-AB55-BC478770B134}.Release|x86.Build.0 = Release|Any CPU
		{716494CF-0CD2-4863-A011-207C0E68B2B4}.Debug|Any CPU.ActiveCfg = Debug|Any CPU
		{716494CF-0CD2-4863-A011-207C0E68B2B4}.Debug|Any CPU.Build.0 = Debug|Any CPU
		{716494CF-0CD2-4863-A011-207C0E68B2B4}.Debug|x64.ActiveCfg = Debug|Any CPU
		{716494CF-0CD2-4863-A011-207C0E68B2B4}.Debug|x64.Build.0 = Debug|Any CPU
		{716494CF-0CD2-4863-A011-207C0E68B2B4}.Debug|x86.ActiveCfg = Debug|Any CPU
		{716494CF-0CD2-4863-A011-207C0E68B2B4}.Debug|x86.Build.0 = Debug|Any CPU
		{716494CF-0CD2-4863-A011-207C0E68B2B4}.Release|Any CPU.ActiveCfg = Release|Any CPU
		{716494CF-0CD2-4863-A011-207C0E68B2B4}.Release|Any CPU.Build.0 = Release|Any CPU
		{716494CF-0CD2-4863-A011-207C0E68B2B4}.Release|x64.ActiveCfg = Release|Any CPU
		{716494CF-0CD2-4863-A011-207C0E68B2B4}.Release|x64.Build.0 = Release|Any CPU
		{716494CF-0CD2-4863-A011-207C0E68B2B4}.Release|x86.ActiveCfg = Release|Any CPU
		{716494CF-0CD2-4863-A011-207C0E68B2B4}.Release|x86.Build.0 = Release|Any CPU
		{2FFB29F0-177D-4D2F-956B-2F4B58991E73}.Debug|Any CPU.ActiveCfg = Debug|Any CPU
		{2FFB29F0-177D-4D2F-956B-2F4B58991E73}.Debug|Any CPU.Build.0 = Debug|Any CPU
		{2FFB29F0-177D-4D2F-956B-2F4B58991E73}.Debug|x64.ActiveCfg = Debug|Any CPU
		{2FFB29F0-177D-4D2F-956B-2F4B58991E73}.Debug|x64.Build.0 = Debug|Any CPU
		{2FFB29F0-177D-4D2F-956B-2F4B58991E73}.Debug|x86.ActiveCfg = Debug|Any CPU
		{2FFB29F0-177D-4D2F-956B-2F4B58991E73}.Debug|x86.Build.0 = Debug|Any CPU
		{2FFB29F0-177D-4D2F-956B-2F4B58991E73}.Release|Any CPU.ActiveCfg = Release|Any CPU
		{2FFB29F0-177D-4D2F-956B-2F4B58991E73}.Release|Any CPU.Build.0 = Release|Any CPU
		{2FFB29F0-177D-4D2F-956B-2F4B58991E73}.Release|x64.ActiveCfg = Release|Any CPU
		{2FFB29F0-177D-4D2F-956B-2F4B58991E73}.Release|x64.Build.0 = Release|Any CPU
		{2FFB29F0-177D-4D2F-956B-2F4B58991E73}.Release|x86.ActiveCfg = Release|Any CPU
		{2FFB29F0-177D-4D2F-956B-2F4B58991E73}.Release|x86.Build.0 = Release|Any CPU
		{36D7F330-35B9-41E0-8216-E014B4569D9D}.Debug|Any CPU.ActiveCfg = Debug|Any CPU
		{36D7F330-35B9-41E0-8216-E014B4569D9D}.Debug|Any CPU.Build.0 = Debug|Any CPU
		{36D7F330-35B9-41E0-8216-E014B4569D9D}.Debug|x64.ActiveCfg = Debug|Any CPU
		{36D7F330-35B9-41E0-8216-E014B4569D9D}.Debug|x64.Build.0 = Debug|Any CPU
		{36D7F330-35B9-41E0-8216-E014B4569D9D}.Debug|x86.ActiveCfg = Debug|Any CPU
		{36D7F330-35B9-41E0-8216-E014B4569D9D}.Debug|x86.Build.0 = Debug|Any CPU
		{36D7F330-35B9-41E0-8216-E014B4569D9D}.Release|Any CPU.ActiveCfg = Release|Any CPU
		{36D7F330-35B9-41E0-8216-E014B4569D9D}.Release|Any CPU.Build.0 = Release|Any CPU
		{36D7F330-35B9-41E0-8216-E014B4569D9D}.Release|x64.ActiveCfg = Release|Any CPU
		{36D7F330-35B9-41E0-8216-E014B4569D9D}.Release|x64.Build.0 = Release|Any CPU
		{36D7F330-35B9-41E0-8216-E014B4569D9D}.Release|x86.ActiveCfg = Release|Any CPU
		{36D7F330-35B9-41E0-8216-E014B4569D9D}.Release|x86.Build.0 = Release|Any CPU
		{7BC2909D-B013-48D9-ABA1-88C4AA8F7791}.Debug|Any CPU.ActiveCfg = Debug|Any CPU
		{7BC2909D-B013-48D9-ABA1-88C4AA8F7791}.Debug|Any CPU.Build.0 = Debug|Any CPU
		{7BC2909D-B013-48D9-ABA1-88C4AA8F7791}.Debug|x64.ActiveCfg = Debug|Any CPU
		{7BC2909D-B013-48D9-ABA1-88C4AA8F7791}.Debug|x64.Build.0 = Debug|Any CPU
		{7BC2909D-B013-48D9-ABA1-88C4AA8F7791}.Debug|x86.ActiveCfg = Debug|Any CPU
		{7BC2909D-B013-48D9-ABA1-88C4AA8F7791}.Debug|x86.Build.0 = Debug|Any CPU
		{7BC2909D-B013-48D9-ABA1-88C4AA8F7791}.Release|Any CPU.ActiveCfg = Release|Any CPU
		{7BC2909D-B013-48D9-ABA1-88C4AA8F7791}.Release|Any CPU.Build.0 = Release|Any CPU
		{7BC2909D-B013-48D9-ABA1-88C4AA8F7791}.Release|x64.ActiveCfg = Release|Any CPU
		{7BC2909D-B013-48D9-ABA1-88C4AA8F7791}.Release|x64.Build.0 = Release|Any CPU
		{7BC2909D-B013-48D9-ABA1-88C4AA8F7791}.Release|x86.ActiveCfg = Release|Any CPU
		{7BC2909D-B013-48D9-ABA1-88C4AA8F7791}.Release|x86.Build.0 = Release|Any CPU
		{25C1444C-D62A-4550-B8C0-74AFA21B0D3A}.Debug|Any CPU.ActiveCfg = Debug|Any CPU
		{25C1444C-D62A-4550-B8C0-74AFA21B0D3A}.Debug|Any CPU.Build.0 = Debug|Any CPU
		{25C1444C-D62A-4550-B8C0-74AFA21B0D3A}.Debug|x64.ActiveCfg = Debug|Any CPU
		{25C1444C-D62A-4550-B8C0-74AFA21B0D3A}.Debug|x64.Build.0 = Debug|Any CPU
		{25C1444C-D62A-4550-B8C0-74AFA21B0D3A}.Debug|x86.ActiveCfg = Debug|Any CPU
		{25C1444C-D62A-4550-B8C0-74AFA21B0D3A}.Debug|x86.Build.0 = Debug|Any CPU
		{25C1444C-D62A-4550-B8C0-74AFA21B0D3A}.Release|Any CPU.ActiveCfg = Release|Any CPU
		{25C1444C-D62A-4550-B8C0-74AFA21B0D3A}.Release|Any CPU.Build.0 = Release|Any CPU
		{25C1444C-D62A-4550-B8C0-74AFA21B0D3A}.Release|x64.ActiveCfg = Release|Any CPU
		{25C1444C-D62A-4550-B8C0-74AFA21B0D3A}.Release|x64.Build.0 = Release|Any CPU
		{25C1444C-D62A-4550-B8C0-74AFA21B0D3A}.Release|x86.ActiveCfg = Release|Any CPU
		{25C1444C-D62A-4550-B8C0-74AFA21B0D3A}.Release|x86.Build.0 = Release|Any CPU
		{06874F93-0433-4025-A3BF-7B145B833F28}.Debug|Any CPU.ActiveCfg = Debug|Any CPU
		{06874F93-0433-4025-A3BF-7B145B833F28}.Debug|Any CPU.Build.0 = Debug|Any CPU
		{06874F93-0433-4025-A3BF-7B145B833F28}.Debug|x64.ActiveCfg = Debug|Any CPU
		{06874F93-0433-4025-A3BF-7B145B833F28}.Debug|x64.Build.0 = Debug|Any CPU
		{06874F93-0433-4025-A3BF-7B145B833F28}.Debug|x86.ActiveCfg = Debug|Any CPU
		{06874F93-0433-4025-A3BF-7B145B833F28}.Debug|x86.Build.0 = Debug|Any CPU
		{06874F93-0433-4025-A3BF-7B145B833F28}.Release|Any CPU.ActiveCfg = Release|Any CPU
		{06874F93-0433-4025-A3BF-7B145B833F28}.Release|Any CPU.Build.0 = Release|Any CPU
		{06874F93-0433-4025-A3BF-7B145B833F28}.Release|x64.ActiveCfg = Release|Any CPU
		{06874F93-0433-4025-A3BF-7B145B833F28}.Release|x64.Build.0 = Release|Any CPU
		{06874F93-0433-4025-A3BF-7B145B833F28}.Release|x86.ActiveCfg = Release|Any CPU
		{06874F93-0433-4025-A3BF-7B145B833F28}.Release|x86.Build.0 = Release|Any CPU
	EndGlobalSection
	GlobalSection(SolutionProperties) = preSolution
		HideSolutionNode = FALSE
	EndGlobalSection
	GlobalSection(NestedProjects) = preSolution
		{1F655D57-935D-D295-E882-5052ED9A6376} = {827E0CD3-B72D-47B6-A68D-7590B98EB39B}
		{004EF873-07FC-470F-A91B-8ECBE95C49BF} = {1F655D57-935D-D295-E882-5052ED9A6376}
		{DD20EE80-6E1E-434B-BCF5-0BEE63E575E0} = {0AB3BF05-4346-4AA6-1389-037BE0695223}
		{7F838D22-BBCC-2189-DC58-FA0F43262481} = {827E0CD3-B72D-47B6-A68D-7590B98EB39B}
		{9542FF2C-2F21-4138-93D3-D7E18C7D56D4} = {7F838D22-BBCC-2189-DC58-FA0F43262481}
		{7B7ADA87-775C-4974-AB55-BC478770B134} = {0AB3BF05-4346-4AA6-1389-037BE0695223}
		{716494CF-0CD2-4863-A011-207C0E68B2B4} = {1F655D57-935D-D295-E882-5052ED9A6376}
		{2FFB29F0-177D-4D2F-956B-2F4B58991E73} = {0AB3BF05-4346-4AA6-1389-037BE0695223}
		{36D7F330-35B9-41E0-8216-E014B4569D9D} = {7F838D22-BBCC-2189-DC58-FA0F43262481}
		{7BC2909D-B013-48D9-ABA1-88C4AA8F7791} = {0AB3BF05-4346-4AA6-1389-037BE0695223}
		{25C1444C-D62A-4550-B8C0-74AFA21B0D3A} = {7F838D22-BBCC-2189-DC58-FA0F43262481}
		{06874F93-0433-4025-A3BF-7B145B833F28} = {0AB3BF05-4346-4AA6-1389-037BE0695223}
	EndGlobalSection
EndGlobal
