
Microsoft Visual Studio Solution File, Format Version 12.00
# Visual Studio Version 17
VisualStudioVersion = 17.0.31903.59
MinimumVisualStudioVersion = 10.0.40219.1
Project("{2150E333-8FDC-42A3-9474-1A3956D46DE8}") = "src", "src", "{827E0CD3-B72D-47B6-A68D-7590B98EB39B}"
EndProject
Project("{2150E333-8FDC-42A3-9474-1A3956D46DE8}") = "neutral", "neutral", "{1F655D57-935D-D295-E882-5052ED9A6376}"
EndProject
Project("{FAE04EC0-301F-11D3-BF4B-00C04F79EFBC}") = "Themia.AspNetCore", "src\neutral\Themia.AspNetCore\Themia.AspNetCore.csproj", "{004EF873-07FC-470F-A91B-8ECBE95C49BF}"
EndProject
Project("{2150E333-8FDC-42A3-9474-1A3956D46DE8}") = "tests", "tests", "{0AB3BF05-4346-4AA6-1389-037BE0695223}"
EndProject
Project("{FAE04EC0-301F-11D3-BF4B-00C04F79EFBC}") = "Themia.AspNetCore.Tests", "tests\Themia.AspNetCore.Tests\Themia.AspNetCore.Tests.csproj", "{DD20EE80-6E1E-434B-BCF5-0BEE63E575E0}"
EndProject
Project("{2150E333-8FDC-42A3-9474-1A3956D46DE8}") = "tooling", "tooling", "{7F838D22-BBCC-2189-DC58-FA0F43262481}"
EndProject
Project("{FAE04EC0-301F-11D3-BF4B-00C04F79EFBC}") = "Themia.Generators.Abstractions", "src\tooling\Themia.Generators.Abstractions\Themia.Generators.Abstractions.csproj", "{9542FF2C-2F21-4138-93D3-D7E18C7D56D4}"
EndProject
Project("{FAE04EC0-301F-11D3-BF4B-00C04F79EFBC}") = "Themia.Generators.Abstractions.Tests", "tests\Themia.Generators.Abstractions.Tests\Themia.Generators.Abstractions.Tests.csproj", "{7B7ADA87-775C-4974-AB55-BC478770B134}"
EndProject
Project("{FAE04EC0-301F-11D3-BF4B-00C04F79EFBC}") = "Themia.DependencyInjection", "src\neutral\Themia.DependencyInjection\Themia.DependencyInjection.csproj", "{716494CF-0CD2-4863-A011-207C0E68B2B4}"
EndProject
Project("{FAE04EC0-301F-11D3-BF4B-00C04F79EFBC}") = "Themia.DependencyInjection.Tests", "tests\Themia.DependencyInjection.Tests\Themia.DependencyInjection.Tests.csproj", "{2FFB29F0-177D-4D2F-956B-2F4B58991E73}"
EndProject
Project("{FAE04EC0-301F-11D3-BF4B-00C04F79EFBC}") = "Themia.SourceGenerator", "src\tooling\Themia.SourceGenerator\Themia.SourceGenerator.csproj", "{36D7F330-35B9-41E0-8216-E014B4569D9D}"
EndProject
Project("{FAE04EC0-301F-11D3-BF4B-00C04F79EFBC}") = "Themia.SourceGenerator.Tests", "tests\Themia.SourceGenerator.Tests\Themia.SourceGenerator.Tests.csproj", "{7BC2909D-B013-48D9-ABA1-88C4AA8F7791}"
EndProject
Project("{FAE04EC0-301F-11D3-BF4B-00C04F79EFBC}") = "Themia.Analyzers", "src\tooling\Themia.Analyzers\Themia.Analyzers.csproj", "{25C1444C-D62A-4550-B8C0-74AFA21B0D3A}"
EndProject
Project("{FAE04EC0-301F-11D3-BF4B-00C04F79EFBC}") = "Themia.Analyzers.Tests", "tests\Themia.Analyzers.Tests\Themia.Analyzers.Tests.csproj", "{06874F93-0433-4025-A3BF-7B145B833F28}"
EndProject
Project("{2150E333-8FDC-42A3-9474-1A3956D46DE8}") = "framework", "framework", "{E0AD1809-C64F-3D39-45E0-E424261CE16D}"
EndProject
Project("{FAE04EC0-301F-11D3-BF4B-00C04F79EFBC}") = "Themia.Framework.Core", "src\framework\Themia.Framework.Core\Themia.Framework.Core.csproj", "{53914AB7-AC84-46E9-9D2E-DA232775609A}"
EndProject
Project("{FAE04EC0-301F-11D3-BF4B-00C04F79EFBC}") = "Themia.Framework.Core.Tests", "tests\Themia.Framework.Core.Tests\Themia.Framework.Core.Tests.csproj", "{22E05787-AAD2-498A-8E7C-27772BB913D3}"
EndProject
Project("{FAE04EC0-301F-11D3-BF4B-00C04F79EFBC}") = "Themia.Caching", "src\framework\Themia.Caching\Themia.Caching.csproj", "{1E00291A-EE3E-40A4-BFA1-999F46588170}"
EndProject
Project("{FAE04EC0-301F-11D3-BF4B-00C04F79EFBC}") = "Themia.Caching.Tests", "tests\Themia.Caching.Tests\Themia.Caching.Tests.csproj", "{4F939181-E78F-4D17-9894-01A86B53B157}"
EndProject
Project("{FAE04EC0-301F-11D3-BF4B-00C04F79EFBC}") = "Themia.Logging", "src\framework\Themia.Logging\Themia.Logging.csproj", "{CDBEF7A2-91A0-44B5-B924-4FC191F055F6}"
EndProject
Project("{FAE04EC0-301F-11D3-BF4B-00C04F79EFBC}") = "Themia.Logging.Tests", "tests\Themia.Logging.Tests\Themia.Logging.Tests.csproj", "{FB04440B-889B-45A5-BD2C-92351141632D}"
EndProject
Project("{FAE04EC0-301F-11D3-BF4B-00C04F79EFBC}") = "Themia.Services", "src\framework\Themia.Services\Themia.Services.csproj", "{9AEDF53F-FBB0-49A3-A4CC-13235095B01E}"
EndProject
Project("{FAE04EC0-301F-11D3-BF4B-00C04F79EFBC}") = "Themia.Services.Tests", "tests\Themia.Services.Tests\Themia.Services.Tests.csproj", "{BF26B92D-4990-4427-B630-8A0E60D2710D}"
EndProject
Project("{FAE04EC0-301F-11D3-BF4B-00C04F79EFBC}") = "Themia.MultiTenancy", "src\framework\Themia.MultiTenancy\Themia.MultiTenancy.csproj", "{C925AB06-19D5-406A-909B-97AF37079280}"
EndProject
Project("{FAE04EC0-301F-11D3-BF4B-00C04F79EFBC}") = "Themia.MultiTenancy.Tests", "tests\Themia.MultiTenancy.Tests\Themia.MultiTenancy.Tests.csproj", "{3C0DA9FA-94B5-4D08-AE8B-8FE9B7B87110}"
EndProject
Project("{FAE04EC0-301F-11D3-BF4B-00C04F79EFBC}") = "Themia.Mediator", "src\framework\Themia.Mediator\Themia.Mediator.csproj", "{56D249A3-4D02-4651-98ED-4C8357CC622F}"
EndProject
Project("{FAE04EC0-301F-11D3-BF4B-00C04F79EFBC}") = "Themia.Mediator.Tests", "tests\Themia.Mediator.Tests\Themia.Mediator.Tests.csproj", "{03EB2D5D-47B2-43A7-9309-08ED3E7FE257}"
EndProject
Project("{2150E333-8FDC-42A3-9474-1A3956D46DE8}") = "framework", "framework", "{9A0CCAB9-4303-13B4-2371-F1B97FF5B728}"
EndProject
Project("{FAE04EC0-301F-11D3-BF4B-00C04F79EFBC}") = "Themia.Framework.Data.EFCore", "src\framework\Themia.Framework.Data.EFCore\Themia.Framework.Data.EFCore.csproj", "{4A1E1595-E889-42B3-8BC9-CD3AD66EFE3C}"
EndProject
Project("{FAE04EC0-301F-11D3-BF4B-00C04F79EFBC}") = "Themia.Framework.Data.EFCore.Tests", "tests\Themia.Framework.Data.EFCore.Tests\Themia.Framework.Data.EFCore.Tests.csproj", "{3187CF85-564D-4FB9-9179-56EF0D1026B6}"
EndProject
Project("{FAE04EC0-301F-11D3-BF4B-00C04F79EFBC}") = "Themia.Framework.Data.EFCore.IntegrationTests", "tests\Themia.Framework.Data.EFCore.IntegrationTests\Themia.Framework.Data.EFCore.IntegrationTests.csproj", "{58A2821C-5718-4318-BFCB-D074703F5913}"
EndProject
Project("{FAE04EC0-301F-11D3-BF4B-00C04F79EFBC}") = "Themia.Framework.AspNetCore", "src\framework\Themia.Framework.AspNetCore\Themia.Framework.AspNetCore.csproj", "{8F6488F7-5DBB-4D6F-9555-26D1D64CACE6}"
EndProject
Project("{FAE04EC0-301F-11D3-BF4B-00C04F79EFBC}") = "Themia.Framework.AspNetCore.Tests", "tests\Themia.Framework.AspNetCore.Tests\Themia.Framework.AspNetCore.Tests.csproj", "{6F5C2C6B-7956-4EA9-999A-5B5EA1914ABF}"
EndProject
Project("{FAE04EC0-301F-11D3-BF4B-00C04F79EFBC}") = "Themia.Exceptional", "src\neutral\Themia.Exceptional\Themia.Exceptional.csproj", "{10DED78B-C4DF-43E6-BE1C-2C7F011975DB}"
EndProject
Project("{FAE04EC0-301F-11D3-BF4B-00C04F79EFBC}") = "Themia.Exceptional.PostgreSql", "src\neutral\Themia.Exceptional.PostgreSql\Themia.Exceptional.PostgreSql.csproj", "{28378593-DD81-4550-9BC2-5B0326CFCDEA}"
EndProject
Project("{FAE04EC0-301F-11D3-BF4B-00C04F79EFBC}") = "Themia.Exceptional.Tests", "tests\Themia.Exceptional.Tests\Themia.Exceptional.Tests.csproj", "{5E5EE000-838C-4F6C-BE91-7F4327688572}"
EndProject
Project("{FAE04EC0-301F-11D3-BF4B-00C04F79EFBC}") = "Themia.Exceptional.PostgreSql.IntegrationTests", "tests\Themia.Exceptional.PostgreSql.IntegrationTests\Themia.Exceptional.PostgreSql.IntegrationTests.csproj", "{CF98EA22-C55A-4931-AF3E-81353EEFF46D}"
EndProject
Project("{FAE04EC0-301F-11D3-BF4B-00C04F79EFBC}") = "Themia.Exceptional.MySql", "src\neutral\Themia.Exceptional.MySql\Themia.Exceptional.MySql.csproj", "{9607C924-A95B-472C-B0A0-D770D761B779}"
EndProject
Project("{FAE04EC0-301F-11D3-BF4B-00C04F79EFBC}") = "Themia.Exceptional.SqlServer", "src\neutral\Themia.Exceptional.SqlServer\Themia.Exceptional.SqlServer.csproj", "{53F67BF8-087F-4DBB-BF63-60B22629E280}"
EndProject
Project("{FAE04EC0-301F-11D3-BF4B-00C04F79EFBC}") = "Themia.Exceptional.MySql.IntegrationTests", "tests\Themia.Exceptional.MySql.IntegrationTests\Themia.Exceptional.MySql.IntegrationTests.csproj", "{01FADE11-DF36-46A0-BE52-9E110FD115F1}"
EndProject
Project("{FAE04EC0-301F-11D3-BF4B-00C04F79EFBC}") = "Themia.Exceptional.SqlServer.IntegrationTests", "tests\Themia.Exceptional.SqlServer.IntegrationTests\Themia.Exceptional.SqlServer.IntegrationTests.csproj", "{3E212804-5203-4E8D-A0F0-E483CA448AF8}"
EndProject
Project("{FAE04EC0-301F-11D3-BF4B-00C04F79EFBC}") = "Themia.Exceptional.Conformance", "tests\Themia.Exceptional.Conformance\Themia.Exceptional.Conformance.csproj", "{DAB28637-D0D6-4165-A7E8-A3022D5A915C}"
EndProject
Project("{FAE04EC0-301F-11D3-BF4B-00C04F79EFBC}") = "Themia.Quartz", "src\neutral\Themia.Quartz\Themia.Quartz.csproj", "{D2D8A460-B9AE-472D-B2C3-76BBBDCAC8DC}"
EndProject
Project("{FAE04EC0-301F-11D3-BF4B-00C04F79EFBC}") = "Themia.Quartz.Tests", "tests\Themia.Quartz.Tests\Themia.Quartz.Tests.csproj", "{01F12B55-BE06-44F3-9936-12942AF681DF}"
EndProject
Project("{2150E333-8FDC-42A3-9474-1A3956D46DE8}") = "modules", "modules", "{EC447DCF-ABFA-6E24-52A5-D7FD48A5C558}"
EndProject
Project("{FAE04EC0-301F-11D3-BF4B-00C04F79EFBC}") = "Themia.Modules.Scheduling", "src\modules\Themia.Modules.Scheduling\Themia.Modules.Scheduling.csproj", "{74DFAB0A-609A-42BE-AC55-132ABC9BE17E}"
EndProject
Project("{FAE04EC0-301F-11D3-BF4B-00C04F79EFBC}") = "Themia.Modules.Scheduling.IntegrationTests", "tests\Themia.Modules.Scheduling.IntegrationTests\Themia.Modules.Scheduling.IntegrationTests.csproj", "{BEDD8956-DB09-4CAA-9A10-CAFF74E11D6F}"
EndProject
Project("{FAE04EC0-301F-11D3-BF4B-00C04F79EFBC}") = "Themia.Framework.Data.Abstractions", "src\framework\Themia.Framework.Data.Abstractions\Themia.Framework.Data.Abstractions.csproj", "{BB5C98B5-25C2-4BF3-A20E-6581B0740F82}"
EndProject
Project("{FAE04EC0-301F-11D3-BF4B-00C04F79EFBC}") = "Themia.Framework.Data.Dapper", "src\framework\Themia.Framework.Data.Dapper\Themia.Framework.Data.Dapper.csproj", "{8E03E8AA-D7F7-41F3-BF9B-325A04E013A9}"
EndProject
Project("{FAE04EC0-301F-11D3-BF4B-00C04F79EFBC}") = "Themia.Framework.Data.Dapper.PostgreSql", "src\framework\Themia.Framework.Data.Dapper.PostgreSql\Themia.Framework.Data.Dapper.PostgreSql.csproj", "{11FBEF69-4FBB-47F5-B496-72F2A30E2C89}"
EndProject
Project("{FAE04EC0-301F-11D3-BF4B-00C04F79EFBC}") = "Themia.Framework.Data.Abstractions.Tests", "tests\Themia.Framework.Data.Abstractions.Tests\Themia.Framework.Data.Abstractions.Tests.csproj", "{3A56AE0D-0FE8-4248-B1FE-E87797D4AFDE}"
EndProject
Project("{FAE04EC0-301F-11D3-BF4B-00C04F79EFBC}") = "Themia.Framework.Data.Dapper.Tests", "tests\Themia.Framework.Data.Dapper.Tests\Themia.Framework.Data.Dapper.Tests.csproj", "{B0F3681A-CDD2-4C56-A220-E1F2F4228510}"
EndProject
Project("{FAE04EC0-301F-11D3-BF4B-00C04F79EFBC}") = "Themia.Framework.Data.Dapper.Conformance", "tests\Themia.Framework.Data.Dapper.Conformance\Themia.Framework.Data.Dapper.Conformance.csproj", "{CD48789F-92A1-4D39-8848-0BF9B8D26CEC}"
EndProject
Project("{FAE04EC0-301F-11D3-BF4B-00C04F79EFBC}") = "Themia.Framework.Data.Dapper.PostgreSql.IntegrationTests", "tests\Themia.Framework.Data.Dapper.PostgreSql.IntegrationTests\Themia.Framework.Data.Dapper.PostgreSql.IntegrationTests.csproj", "{A1F56395-A2A6-48EC-BDC6-C859678A0F64}"
EndProject
Project("{FAE04EC0-301F-11D3-BF4B-00C04F79EFBC}") = "Themia.Framework.Data.Dapper.MySql", "src\framework\Themia.Framework.Data.Dapper.MySql\Themia.Framework.Data.Dapper.MySql.csproj", "{173FE180-4C6A-4BAA-BA3B-A9EA2141D485}"
EndProject
Project("{FAE04EC0-301F-11D3-BF4B-00C04F79EFBC}") = "Themia.Framework.Data.Dapper.MySql.IntegrationTests", "tests\Themia.Framework.Data.Dapper.MySql.IntegrationTests\Themia.Framework.Data.Dapper.MySql.IntegrationTests.csproj", "{8C5AE32B-E714-4B74-96C0-2081A4A2E85F}"
EndProject
Project("{FAE04EC0-301F-11D3-BF4B-00C04F79EFBC}") = "Themia.Framework.Data.Dapper.SqlServer", "src\framework\Themia.Framework.Data.Dapper.SqlServer\Themia.Framework.Data.Dapper.SqlServer.csproj", "{1A94CDD7-F2E6-47D4-9EE0-F9208F66DD2D}"
EndProject
Project("{FAE04EC0-301F-11D3-BF4B-00C04F79EFBC}") = "Themia.Framework.Data.Dapper.SqlServer.IntegrationTests", "tests\Themia.Framework.Data.Dapper.SqlServer.IntegrationTests\Themia.Framework.Data.Dapper.SqlServer.IntegrationTests.csproj", "{9DD05305-8A14-496D-9A86-C641C95EAD03}"
EndProject
Project("{FAE04EC0-301F-11D3-BF4B-00C04F79EFBC}") = "Themia.Framework.Data.EFCore.PostgreSql", "src\framework\Themia.Framework.Data.EFCore.PostgreSql\Themia.Framework.Data.EFCore.PostgreSql.csproj", "{F8D88AF6-325D-4BB3-81F5-5FD7C3111447}"
EndProject
Project("{FAE04EC0-301F-11D3-BF4B-00C04F79EFBC}") = "Themia.Framework.Data.EFCore.SqlServer", "src\framework\Themia.Framework.Data.EFCore.SqlServer\Themia.Framework.Data.EFCore.SqlServer.csproj", "{81633D97-6B40-470E-B02C-CF7E77D83F0B}"
EndProject
Project("{FAE04EC0-301F-11D3-BF4B-00C04F79EFBC}") = "Themia.Framework.Data.EFCore.SqlServer.IntegrationTests", "tests\Themia.Framework.Data.EFCore.SqlServer.IntegrationTests\Themia.Framework.Data.EFCore.SqlServer.IntegrationTests.csproj", "{5F244D88-6DA7-4572-8912-FF60C8EF91BD}"
EndProject
Project("{FAE04EC0-301F-11D3-BF4B-00C04F79EFBC}") = "Themia.Data.Migrations", "src\neutral\Themia.Data.Migrations\Themia.Data.Migrations.csproj", "{720F01C3-49BB-400A-82E8-94F5450B9645}"
EndProject
Project("{FAE04EC0-301F-11D3-BF4B-00C04F79EFBC}") = "Themia.Data.Migrations.Tests", "tests\Themia.Data.Migrations.Tests\Themia.Data.Migrations.Tests.csproj", "{2629B400-F3D4-4DF9-B294-A237E4E1C64D}"
EndProject
Project("{FAE04EC0-301F-11D3-BF4B-00C04F79EFBC}") = "Themia.Data.Migrations.IntegrationTests", "tests\Themia.Data.Migrations.IntegrationTests\Themia.Data.Migrations.IntegrationTests.csproj", "{525DBD6A-3F20-4578-93A4-D0990051E483}"
EndProject
Project("{FAE04EC0-301F-11D3-BF4B-00C04F79EFBC}") = "Themia.Modules.Identity.Abstractions", "src\modules\Themia.Modules.Identity.Abstractions\Themia.Modules.Identity.Abstractions.csproj", "{224FC28E-C57A-4C28-9244-1320C9BDF591}"
EndProject
Project("{FAE04EC0-301F-11D3-BF4B-00C04F79EFBC}") = "Themia.Modules.Identity", "src\modules\Themia.Modules.Identity\Themia.Modules.Identity.csproj", "{EF3BD852-9AC7-48D5-BB1D-17A4B60011E4}"
EndProject
Global
	GlobalSection(SolutionConfigurationPlatforms) = preSolution
		Debug|Any CPU = Debug|Any CPU
		Debug|x64 = Debug|x64
		Debug|x86 = Debug|x86
		Release|Any CPU = Release|Any CPU
		Release|x64 = Release|x64
		Release|x86 = Release|x86
	EndGlobalSection
	GlobalSection(ProjectConfigurationPlatforms) = postSolution
		{004EF873-07FC-470F-A91B-8ECBE95C49BF}.Debug|Any CPU.ActiveCfg = Debug|Any CPU
		{004EF873-07FC-470F-A91B-8ECBE95C49BF}.Debug|Any CPU.Build.0 = Debug|Any CPU
		{004EF873-07FC-470F-A91B-8ECBE95C49BF}.Debug|x64.ActiveCfg = Debug|Any CPU
		{004EF873-07FC-470F-A91B-8ECBE95C49BF}.Debug|x64.Build.0 = Debug|Any CPU
		{004EF873-07FC-470F-A91B-8ECBE95C49BF}.Debug|x86.ActiveCfg = Debug|Any CPU
		{004EF873-07FC-470F-A91B-8ECBE95C49BF}.Debug|x86.Build.0 = Debug|Any CPU
		{004EF873-07FC-470F-A91B-8ECBE95C49BF}.Release|Any CPU.ActiveCfg = Release|Any CPU
		{004EF873-07FC-470F-A91B-8ECBE95C49BF}.Release|Any CPU.Build.0 = Release|Any CPU
		{004EF873-07FC-470F-A91B-8ECBE95C49BF}.Release|x64.ActiveCfg = Release|Any CPU
		{004EF873-07FC-470F-A91B-8ECBE95C49BF}.Release|x64.Build.0 = Release|Any CPU
		{004EF873-07FC-470F-A91B-8ECBE95C49BF}.Release|x86.ActiveCfg = Release|Any CPU
		{004EF873-07FC-470F-A91B-8ECBE95C49BF}.Release|x86.Build.0 = Release|Any CPU
		{DD20EE80-6E1E-434B-BCF5-0BEE63E575E0}.Debug|Any CPU.ActiveCfg = Debug|Any CPU
		{DD20EE80-6E1E-434B-BCF5-0BEE63E575E0}.Debug|Any CPU.Build.0 = Debug|Any CPU
		{DD20EE80-6E1E-434B-BCF5-0BEE63E575E0}.Debug|x64.ActiveCfg = Debug|Any CPU
		{DD20EE80-6E1E-434B-BCF5-0BEE63E575E0}.Debug|x64.Build.0 = Debug|Any CPU
		{DD20EE80-6E1E-434B-BCF5-0BEE63E575E0}.Debug|x86.ActiveCfg = Debug|Any CPU
		{DD20EE80-6E1E-434B-BCF5-0BEE63E575E0}.Debug|x86.Build.0 = Debug|Any CPU
		{DD20EE80-6E1E-434B-BCF5-0BEE63E575E0}.Release|Any CPU.ActiveCfg = Release|Any CPU
		{DD20EE80-6E1E-434B-BCF5-0BEE63E575E0}.Release|Any CPU.Build.0 = Release|Any CPU
		{DD20EE80-6E1E-434B-BCF5-0BEE63E575E0}.Release|x64.ActiveCfg = Release|Any CPU
		{DD20EE80-6E1E-434B-BCF5-0BEE63E575E0}.Release|x64.Build.0 = Release|Any CPU
		{DD20EE80-6E1E-434B-BCF5-0BEE63E575E0}.Release|x86.ActiveCfg = Release|Any CPU
		{DD20EE80-6E1E-434B-BCF5-0BEE63E575E0}.Release|x86.Build.0 = Release|Any CPU
		{9542FF2C-2F21-4138-93D3-D7E18C7D56D4}.Debug|Any CPU.ActiveCfg = Debug|Any CPU
		{9542FF2C-2F21-4138-93D3-D7E18C7D56D4}.Debug|Any CPU.Build.0 = Debug|Any CPU
		{9542FF2C-2F21-4138-93D3-D7E18C7D56D4}.Debug|x64.ActiveCfg = Debug|Any CPU
		{9542FF2C-2F21-4138-93D3-D7E18C7D56D4}.Debug|x64.Build.0 = Debug|Any CPU
		{9542FF2C-2F21-4138-93D3-D7E18C7D56D4}.Debug|x86.ActiveCfg = Debug|Any CPU
		{9542FF2C-2F21-4138-93D3-D7E18C7D56D4}.Debug|x86.Build.0 = Debug|Any CPU
		{9542FF2C-2F21-4138-93D3-D7E18C7D56D4}.Release|Any CPU.ActiveCfg = Release|Any CPU
		{9542FF2C-2F21-4138-93D3-D7E18C7D56D4}.Release|Any CPU.Build.0 = Release|Any CPU
		{9542FF2C-2F21-4138-93D3-D7E18C7D56D4}.Release|x64.ActiveCfg = Release|Any CPU
		{9542FF2C-2F21-4138-93D3-D7E18C7D56D4}.Release|x64.Build.0 = Release|Any CPU
		{9542FF2C-2F21-4138-93D3-D7E18C7D56D4}.Release|x86.ActiveCfg = Release|Any CPU
		{9542FF2C-2F21-4138-93D3-D7E18C7D56D4}.Release|x86.Build.0 = Release|Any CPU
		{7B7ADA87-775C-4974-AB55-BC478770B134}.Debug|Any CPU.ActiveCfg = Debug|Any CPU
		{7B7ADA87-775C-4974-AB55-BC478770B134}.Debug|Any CPU.Build.0 = Debug|Any CPU
		{7B7ADA87-775C-4974-AB55-BC478770B134}.Debug|x64.ActiveCfg = Debug|Any CPU
		{7B7ADA87-775C-4974-AB55-BC478770B134}.Debug|x64.Build.0 = Debug|Any CPU
		{7B7ADA87-775C-4974-AB55-BC478770B134}.Debug|x86.ActiveCfg = Debug|Any CPU
		{7B7ADA87-775C-4974-AB55-BC478770B134}.Debug|x86.Build.0 = Debug|Any CPU
		{7B7ADA87-775C-4974-AB55-BC478770B134}.Release|Any CPU.ActiveCfg = Release|Any CPU
		{7B7ADA87-775C-4974-AB55-BC478770B134}.Release|Any CPU.Build.0 = Release|Any CPU
		{7B7ADA87-775C-4974-AB55-BC478770B134}.Release|x64.ActiveCfg = Release|Any CPU
		{7B7ADA87-775C-4974-AB55-BC478770B134}.Release|x64.Build.0 = Release|Any CPU
		{7B7ADA87-775C-4974-AB55-BC478770B134}.Release|x86.ActiveCfg = Release|Any CPU
		{7B7ADA87-775C-4974-AB55-BC478770B134}.Release|x86.Build.0 = Release|Any CPU
		{716494CF-0CD2-4863-A011-207C0E68B2B4}.Debug|Any CPU.ActiveCfg = Debug|Any CPU
		{716494CF-0CD2-4863-A011-207C0E68B2B4}.Debug|Any CPU.Build.0 = Debug|Any CPU
		{716494CF-0CD2-4863-A011-207C0E68B2B4}.Debug|x64.ActiveCfg = Debug|Any CPU
		{716494CF-0CD2-4863-A011-207C0E68B2B4}.Debug|x64.Build.0 = Debug|Any CPU
		{716494CF-0CD2-4863-A011-207C0E68B2B4}.Debug|x86.ActiveCfg = Debug|Any CPU
		{716494CF-0CD2-4863-A011-207C0E68B2B4}.Debug|x86.Build.0 = Debug|Any CPU
		{716494CF-0CD2-4863-A011-207C0E68B2B4}.Release|Any CPU.ActiveCfg = Release|Any CPU
		{716494CF-0CD2-4863-A011-207C0E68B2B4}.Release|Any CPU.Build.0 = Release|Any CPU
		{716494CF-0CD2-4863-A011-207C0E68B2B4}.Release|x64.ActiveCfg = Release|Any CPU
		{716494CF-0CD2-4863-A011-207C0E68B2B4}.Release|x64.Build.0 = Release|Any CPU
		{716494CF-0CD2-4863-A011-207C0E68B2B4}.Release|x86.ActiveCfg = Release|Any CPU
		{716494CF-0CD2-4863-A011-207C0E68B2B4}.Release|x86.Build.0 = Release|Any CPU
		{2FFB29F0-177D-4D2F-956B-2F4B58991E73}.Debug|Any CPU.ActiveCfg = Debug|Any CPU
		{2FFB29F0-177D-4D2F-956B-2F4B58991E73}.Debug|Any CPU.Build.0 = Debug|Any CPU
		{2FFB29F0-177D-4D2F-956B-2F4B58991E73}.Debug|x64.ActiveCfg = Debug|Any CPU
		{2FFB29F0-177D-4D2F-956B-2F4B58991E73}.Debug|x64.Build.0 = Debug|Any CPU
		{2FFB29F0-177D-4D2F-956B-2F4B58991E73}.Debug|x86.ActiveCfg = Debug|Any CPU
		{2FFB29F0-177D-4D2F-956B-2F4B58991E73}.Debug|x86.Build.0 = Debug|Any CPU
		{2FFB29F0-177D-4D2F-956B-2F4B58991E73}.Release|Any CPU.ActiveCfg = Release|Any CPU
		{2FFB29F0-177D-4D2F-956B-2F4B58991E73}.Release|Any CPU.Build.0 = Release|Any CPU
		{2FFB29F0-177D-4D2F-956B-2F4B58991E73}.Release|x64.ActiveCfg = Release|Any CPU
		{2FFB29F0-177D-4D2F-956B-2F4B58991E73}.Release|x64.Build.0 = Release|Any CPU
		{2FFB29F0-177D-4D2F-956B-2F4B58991E73}.Release|x86.ActiveCfg = Release|Any CPU
		{2FFB29F0-177D-4D2F-956B-2F4B58991E73}.Release|x86.Build.0 = Release|Any CPU
		{36D7F330-35B9-41E0-8216-E014B4569D9D}.Debug|Any CPU.ActiveCfg = Debug|Any CPU
		{36D7F330-35B9-41E0-8216-E014B4569D9D}.Debug|Any CPU.Build.0 = Debug|Any CPU
		{36D7F330-35B9-41E0-8216-E014B4569D9D}.Debug|x64.ActiveCfg = Debug|Any CPU
		{36D7F330-35B9-41E0-8216-E014B4569D9D}.Debug|x64.Build.0 = Debug|Any CPU
		{36D7F330-35B9-41E0-8216-E014B4569D9D}.Debug|x86.ActiveCfg = Debug|Any CPU
		{36D7F330-35B9-41E0-8216-E014B4569D9D}.Debug|x86.Build.0 = Debug|Any CPU
		{36D7F330-35B9-41E0-8216-E014B4569D9D}.Release|Any CPU.ActiveCfg = Release|Any CPU
		{36D7F330-35B9-41E0-8216-E014B4569D9D}.Release|Any CPU.Build.0 = Release|Any CPU
		{36D7F330-35B9-41E0-8216-E014B4569D9D}.Release|x64.ActiveCfg = Release|Any CPU
		{36D7F330-35B9-41E0-8216-E014B4569D9D}.Release|x64.Build.0 = Release|Any CPU
		{36D7F330-35B9-41E0-8216-E014B4569D9D}.Release|x86.ActiveCfg = Release|Any CPU
		{36D7F330-35B9-41E0-8216-E014B4569D9D}.Release|x86.Build.0 = Release|Any CPU
		{7BC2909D-B013-48D9-ABA1-88C4AA8F7791}.Debug|Any CPU.ActiveCfg = Debug|Any CPU
		{7BC2909D-B013-48D9-ABA1-88C4AA8F7791}.Debug|Any CPU.Build.0 = Debug|Any CPU
		{7BC2909D-B013-48D9-ABA1-88C4AA8F7791}.Debug|x64.ActiveCfg = Debug|Any CPU
		{7BC2909D-B013-48D9-ABA1-88C4AA8F7791}.Debug|x64.Build.0 = Debug|Any CPU
		{7BC2909D-B013-48D9-ABA1-88C4AA8F7791}.Debug|x86.ActiveCfg = Debug|Any CPU
		{7BC2909D-B013-48D9-ABA1-88C4AA8F7791}.Debug|x86.Build.0 = Debug|Any CPU
		{7BC2909D-B013-48D9-ABA1-88C4AA8F7791}.Release|Any CPU.ActiveCfg = Release|Any CPU
		{7BC2909D-B013-48D9-ABA1-88C4AA8F7791}.Release|Any CPU.Build.0 = Release|Any CPU
		{7BC2909D-B013-48D9-ABA1-88C4AA8F7791}.Release|x64.ActiveCfg = Release|Any CPU
		{7BC2909D-B013-48D9-ABA1-88C4AA8F7791}.Release|x64.Build.0 = Release|Any CPU
		{7BC2909D-B013-48D9-ABA1-88C4AA8F7791}.Release|x86.ActiveCfg = Release|Any CPU
		{7BC2909D-B013-48D9-ABA1-88C4AA8F7791}.Release|x86.Build.0 = Release|Any CPU
		{25C1444C-D62A-4550-B8C0-74AFA21B0D3A}.Debug|Any CPU.ActiveCfg = Debug|Any CPU
		{25C1444C-D62A-4550-B8C0-74AFA21B0D3A}.Debug|Any CPU.Build.0 = Debug|Any CPU
		{25C1444C-D62A-4550-B8C0-74AFA21B0D3A}.Debug|x64.ActiveCfg = Debug|Any CPU
		{25C1444C-D62A-4550-B8C0-74AFA21B0D3A}.Debug|x64.Build.0 = Debug|Any CPU
		{25C1444C-D62A-4550-B8C0-74AFA21B0D3A}.Debug|x86.ActiveCfg = Debug|Any CPU
		{25C1444C-D62A-4550-B8C0-74AFA21B0D3A}.Debug|x86.Build.0 = Debug|Any CPU
		{25C1444C-D62A-4550-B8C0-74AFA21B0D3A}.Release|Any CPU.ActiveCfg = Release|Any CPU
		{25C1444C-D62A-4550-B8C0-74AFA21B0D3A}.Release|Any CPU.Build.0 = Release|Any CPU
		{25C1444C-D62A-4550-B8C0-74AFA21B0D3A}.Release|x64.ActiveCfg = Release|Any CPU
		{25C1444C-D62A-4550-B8C0-74AFA21B0D3A}.Release|x64.Build.0 = Release|Any CPU
		{25C1444C-D62A-4550-B8C0-74AFA21B0D3A}.Release|x86.ActiveCfg = Release|Any CPU
		{25C1444C-D62A-4550-B8C0-74AFA21B0D3A}.Release|x86.Build.0 = Release|Any CPU
		{06874F93-0433-4025-A3BF-7B145B833F28}.Debug|Any CPU.ActiveCfg = Debug|Any CPU
		{06874F93-0433-4025-A3BF-7B145B833F28}.Debug|Any CPU.Build.0 = Debug|Any CPU
		{06874F93-0433-4025-A3BF-7B145B833F28}.Debug|x64.ActiveCfg = Debug|Any CPU
		{06874F93-0433-4025-A3BF-7B145B833F28}.Debug|x64.Build.0 = Debug|Any CPU
		{06874F93-0433-4025-A3BF-7B145B833F28}.Debug|x86.ActiveCfg = Debug|Any CPU
		{06874F93-0433-4025-A3BF-7B145B833F28}.Debug|x86.Build.0 = Debug|Any CPU
		{06874F93-0433-4025-A3BF-7B145B833F28}.Release|Any CPU.ActiveCfg = Release|Any CPU
		{06874F93-0433-4025-A3BF-7B145B833F28}.Release|Any CPU.Build.0 = Release|Any CPU
		{06874F93-0433-4025-A3BF-7B145B833F28}.Release|x64.ActiveCfg = Release|Any CPU
		{06874F93-0433-4025-A3BF-7B145B833F28}.Release|x64.Build.0 = Release|Any CPU
		{06874F93-0433-4025-A3BF-7B145B833F28}.Release|x86.ActiveCfg = Release|Any CPU
		{06874F93-0433-4025-A3BF-7B145B833F28}.Release|x86.Build.0 = Release|Any CPU
		{53914AB7-AC84-46E9-9D2E-DA232775609A}.Debug|Any CPU.ActiveCfg = Debug|Any CPU
		{53914AB7-AC84-46E9-9D2E-DA232775609A}.Debug|Any CPU.Build.0 = Debug|Any CPU
		{53914AB7-AC84-46E9-9D2E-DA232775609A}.Debug|x64.ActiveCfg = Debug|Any CPU
		{53914AB7-AC84-46E9-9D2E-DA232775609A}.Debug|x64.Build.0 = Debug|Any CPU
		{53914AB7-AC84-46E9-9D2E-DA232775609A}.Debug|x86.ActiveCfg = Debug|Any CPU
		{53914AB7-AC84-46E9-9D2E-DA232775609A}.Debug|x86.Build.0 = Debug|Any CPU
		{53914AB7-AC84-46E9-9D2E-DA232775609A}.Release|Any CPU.ActiveCfg = Release|Any CPU
		{53914AB7-AC84-46E9-9D2E-DA232775609A}.Release|Any CPU.Build.0 = Release|Any CPU
		{53914AB7-AC84-46E9-9D2E-DA232775609A}.Release|x64.ActiveCfg = Release|Any CPU
		{53914AB7-AC84-46E9-9D2E-DA232775609A}.Release|x64.Build.0 = Release|Any CPU
		{53914AB7-AC84-46E9-9D2E-DA232775609A}.Release|x86.ActiveCfg = Release|Any CPU
		{53914AB7-AC84-46E9-9D2E-DA232775609A}.Release|x86.Build.0 = Release|Any CPU
		{22E05787-AAD2-498A-8E7C-27772BB913D3}.Debug|Any CPU.ActiveCfg = Debug|Any CPU
		{22E05787-AAD2-498A-8E7C-27772BB913D3}.Debug|Any CPU.Build.0 = Debug|Any CPU
		{22E05787-AAD2-498A-8E7C-27772BB913D3}.Debug|x64.ActiveCfg = Debug|Any CPU
		{22E05787-AAD2-498A-8E7C-27772BB913D3}.Debug|x64.Build.0 = Debug|Any CPU
		{22E05787-AAD2-498A-8E7C-27772BB913D3}.Debug|x86.ActiveCfg = Debug|Any CPU
		{22E05787-AAD2-498A-8E7C-27772BB913D3}.Debug|x86.Build.0 = Debug|Any CPU
		{22E05787-AAD2-498A-8E7C-27772BB913D3}.Release|Any CPU.ActiveCfg = Release|Any CPU
		{22E05787-AAD2-498A-8E7C-27772BB913D3}.Release|Any CPU.Build.0 = Release|Any CPU
		{22E05787-AAD2-498A-8E7C-27772BB913D3}.Release|x64.ActiveCfg = Release|Any CPU
		{22E05787-AAD2-498A-8E7C-27772BB913D3}.Release|x64.Build.0 = Release|Any CPU
		{22E05787-AAD2-498A-8E7C-27772BB913D3}.Release|x86.ActiveCfg = Release|Any CPU
		{22E05787-AAD2-498A-8E7C-27772BB913D3}.Release|x86.Build.0 = Release|Any CPU
		{1E00291A-EE3E-40A4-BFA1-999F46588170}.Debug|Any CPU.ActiveCfg = Debug|Any CPU
		{1E00291A-EE3E-40A4-BFA1-999F46588170}.Debug|Any CPU.Build.0 = Debug|Any CPU
		{1E00291A-EE3E-40A4-BFA1-999F46588170}.Debug|x64.ActiveCfg = Debug|Any CPU
		{1E00291A-EE3E-40A4-BFA1-999F46588170}.Debug|x64.Build.0 = Debug|Any CPU
		{1E00291A-EE3E-40A4-BFA1-999F46588170}.Debug|x86.ActiveCfg = Debug|Any CPU
		{1E00291A-EE3E-40A4-BFA1-999F46588170}.Debug|x86.Build.0 = Debug|Any CPU
		{1E00291A-EE3E-40A4-BFA1-999F46588170}.Release|Any CPU.ActiveCfg = Release|Any CPU
		{1E00291A-EE3E-40A4-BFA1-999F46588170}.Release|Any CPU.Build.0 = Release|Any CPU
		{1E00291A-EE3E-40A4-BFA1-999F46588170}.Release|x64.ActiveCfg = Release|Any CPU
		{1E00291A-EE3E-40A4-BFA1-999F46588170}.Release|x64.Build.0 = Release|Any CPU
		{1E00291A-EE3E-40A4-BFA1-999F46588170}.Release|x86.ActiveCfg = Release|Any CPU
		{1E00291A-EE3E-40A4-BFA1-999F46588170}.Release|x86.Build.0 = Release|Any CPU
		{4F939181-E78F-4D17-9894-01A86B53B157}.Debug|Any CPU.ActiveCfg = Debug|Any CPU
		{4F939181-E78F-4D17-9894-01A86B53B157}.Debug|Any CPU.Build.0 = Debug|Any CPU
		{4F939181-E78F-4D17-9894-01A86B53B157}.Debug|x64.ActiveCfg = Debug|Any CPU
		{4F939181-E78F-4D17-9894-01A86B53B157}.Debug|x64.Build.0 = Debug|Any CPU
		{4F939181-E78F-4D17-9894-01A86B53B157}.Debug|x86.ActiveCfg = Debug|Any CPU
		{4F939181-E78F-4D17-9894-01A86B53B157}.Debug|x86.Build.0 = Debug|Any CPU
		{4F939181-E78F-4D17-9894-01A86B53B157}.Release|Any CPU.ActiveCfg = Release|Any CPU
		{4F939181-E78F-4D17-9894-01A86B53B157}.Release|Any CPU.Build.0 = Release|Any CPU
		{4F939181-E78F-4D17-9894-01A86B53B157}.Release|x64.ActiveCfg = Release|Any CPU
		{4F939181-E78F-4D17-9894-01A86B53B157}.Release|x64.Build.0 = Release|Any CPU
		{4F939181-E78F-4D17-9894-01A86B53B157}.Release|x86.ActiveCfg = Release|Any CPU
		{4F939181-E78F-4D17-9894-01A86B53B157}.Release|x86.Build.0 = Release|Any CPU
		{CDBEF7A2-91A0-44B5-B924-4FC191F055F6}.Debug|Any CPU.ActiveCfg = Debug|Any CPU
		{CDBEF7A2-91A0-44B5-B924-4FC191F055F6}.Debug|Any CPU.Build.0 = Debug|Any CPU
		{CDBEF7A2-91A0-44B5-B924-4FC191F055F6}.Debug|x64.ActiveCfg = Debug|Any CPU
		{CDBEF7A2-91A0-44B5-B924-4FC191F055F6}.Debug|x64.Build.0 = Debug|Any CPU
		{CDBEF7A2-91A0-44B5-B924-4FC191F055F6}.Debug|x86.ActiveCfg = Debug|Any CPU
		{CDBEF7A2-91A0-44B5-B924-4FC191F055F6}.Debug|x86.Build.0 = Debug|Any CPU
		{CDBEF7A2-91A0-44B5-B924-4FC191F055F6}.Release|Any CPU.ActiveCfg = Release|Any CPU
		{CDBEF7A2-91A0-44B5-B924-4FC191F055F6}.Release|Any CPU.Build.0 = Release|Any CPU
		{CDBEF7A2-91A0-44B5-B924-4FC191F055F6}.Release|x64.ActiveCfg = Release|Any CPU
		{CDBEF7A2-91A0-44B5-B924-4FC191F055F6}.Release|x64.Build.0 = Release|Any CPU
		{CDBEF7A2-91A0-44B5-B924-4FC191F055F6}.Release|x86.ActiveCfg = Release|Any CPU
		{CDBEF7A2-91A0-44B5-B924-4FC191F055F6}.Release|x86.Build.0 = Release|Any CPU
		{FB04440B-889B-45A5-BD2C-92351141632D}.Debug|Any CPU.ActiveCfg = Debug|Any CPU
		{FB04440B-889B-45A5-BD2C-92351141632D}.Debug|Any CPU.Build.0 = Debug|Any CPU
		{FB04440B-889B-45A5-BD2C-92351141632D}.Debug|x64.ActiveCfg = Debug|Any CPU
		{FB04440B-889B-45A5-BD2C-92351141632D}.Debug|x64.Build.0 = Debug|Any CPU
		{FB04440B-889B-45A5-BD2C-92351141632D}.Debug|x86.ActiveCfg = Debug|Any CPU
		{FB04440B-889B-45A5-BD2C-92351141632D}.Debug|x86.Build.0 = Debug|Any CPU
		{FB04440B-889B-45A5-BD2C-92351141632D}.Release|Any CPU.ActiveCfg = Release|Any CPU
		{FB04440B-889B-45A5-BD2C-92351141632D}.Release|Any CPU.Build.0 = Release|Any CPU
		{FB04440B-889B-45A5-BD2C-92351141632D}.Release|x64.ActiveCfg = Release|Any CPU
		{FB04440B-889B-45A5-BD2C-92351141632D}.Release|x64.Build.0 = Release|Any CPU
		{FB04440B-889B-45A5-BD2C-92351141632D}.Release|x86.ActiveCfg = Release|Any CPU
		{FB04440B-889B-45A5-BD2C-92351141632D}.Release|x86.Build.0 = Release|Any CPU
		{9AEDF53F-FBB0-49A3-A4CC-13235095B01E}.Debug|Any CPU.ActiveCfg = Debug|Any CPU
		{9AEDF53F-FBB0-49A3-A4CC-13235095B01E}.Debug|Any CPU.Build.0 = Debug|Any CPU
		{9AEDF53F-FBB0-49A3-A4CC-13235095B01E}.Debug|x64.ActiveCfg = Debug|Any CPU
		{9AEDF53F-FBB0-49A3-A4CC-13235095B01E}.Debug|x64.Build.0 = Debug|Any CPU
		{9AEDF53F-FBB0-49A3-A4CC-13235095B01E}.Debug|x86.ActiveCfg = Debug|Any CPU
		{9AEDF53F-FBB0-49A3-A4CC-13235095B01E}.Debug|x86.Build.0 = Debug|Any CPU
		{9AEDF53F-FBB0-49A3-A4CC-13235095B01E}.Release|Any CPU.ActiveCfg = Release|Any CPU
		{9AEDF53F-FBB0-49A3-A4CC-13235095B01E}.Release|Any CPU.Build.0 = Release|Any CPU
		{9AEDF53F-FBB0-49A3-A4CC-13235095B01E}.Release|x64.ActiveCfg = Release|Any CPU
		{9AEDF53F-FBB0-49A3-A4CC-13235095B01E}.Release|x64.Build.0 = Release|Any CPU
		{9AEDF53F-FBB0-49A3-A4CC-13235095B01E}.Release|x86.ActiveCfg = Release|Any CPU
		{9AEDF53F-FBB0-49A3-A4CC-13235095B01E}.Release|x86.Build.0 = Release|Any CPU
		{BF26B92D-4990-4427-B630-8A0E60D2710D}.Debug|Any CPU.ActiveCfg = Debug|Any CPU
		{BF26B92D-4990-4427-B630-8A0E60D2710D}.Debug|Any CPU.Build.0 = Debug|Any CPU
		{BF26B92D-4990-4427-B630-8A0E60D2710D}.Debug|x64.ActiveCfg = Debug|Any CPU
		{BF26B92D-4990-4427-B630-8A0E60D2710D}.Debug|x64.Build.0 = Debug|Any CPU
		{BF26B92D-4990-4427-B630-8A0E60D2710D}.Debug|x86.ActiveCfg = Debug|Any CPU
		{BF26B92D-4990-4427-B630-8A0E60D2710D}.Debug|x86.Build.0 = Debug|Any CPU
		{BF26B92D-4990-4427-B630-8A0E60D2710D}.Release|Any CPU.ActiveCfg = Release|Any CPU
		{BF26B92D-4990-4427-B630-8A0E60D2710D}.Release|Any CPU.Build.0 = Release|Any CPU
		{BF26B92D-4990-4427-B630-8A0E60D2710D}.Release|x64.ActiveCfg = Release|Any CPU
		{BF26B92D-4990-4427-B630-8A0E60D2710D}.Release|x64.Build.0 = Release|Any CPU
		{BF26B92D-4990-4427-B630-8A0E60D2710D}.Release|x86.ActiveCfg = Release|Any CPU
		{BF26B92D-4990-4427-B630-8A0E60D2710D}.Release|x86.Build.0 = Release|Any CPU
		{C925AB06-19D5-406A-909B-97AF37079280}.Debug|Any CPU.ActiveCfg = Debug|Any CPU
		{C925AB06-19D5-406A-909B-97AF37079280}.Debug|Any CPU.Build.0 = Debug|Any CPU
		{C925AB06-19D5-406A-909B-97AF37079280}.Debug|x64.ActiveCfg = Debug|Any CPU
		{C925AB06-19D5-406A-909B-97AF37079280}.Debug|x64.Build.0 = Debug|Any CPU
		{C925AB06-19D5-406A-909B-97AF37079280}.Debug|x86.ActiveCfg = Debug|Any CPU
		{C925AB06-19D5-406A-909B-97AF37079280}.Debug|x86.Build.0 = Debug|Any CPU
		{C925AB06-19D5-406A-909B-97AF37079280}.Release|Any CPU.ActiveCfg = Release|Any CPU
		{C925AB06-19D5-406A-909B-97AF37079280}.Release|Any CPU.Build.0 = Release|Any CPU
		{C925AB06-19D5-406A-909B-97AF37079280}.Release|x64.ActiveCfg = Release|Any CPU
		{C925AB06-19D5-406A-909B-97AF37079280}.Release|x64.Build.0 = Release|Any CPU
		{C925AB06-19D5-406A-909B-97AF37079280}.Release|x86.ActiveCfg = Release|Any CPU
		{C925AB06-19D5-406A-909B-97AF37079280}.Release|x86.Build.0 = Release|Any CPU
		{3C0DA9FA-94B5-4D08-AE8B-8FE9B7B87110}.Debug|Any CPU.ActiveCfg = Debug|Any CPU
		{3C0DA9FA-94B5-4D08-AE8B-8FE9B7B87110}.Debug|Any CPU.Build.0 = Debug|Any CPU
		{3C0DA9FA-94B5-4D08-AE8B-8FE9B7B87110}.Debug|x64.ActiveCfg = Debug|Any CPU
		{3C0DA9FA-94B5-4D08-AE8B-8FE9B7B87110}.Debug|x64.Build.0 = Debug|Any CPU
		{3C0DA9FA-94B5-4D08-AE8B-8FE9B7B87110}.Debug|x86.ActiveCfg = Debug|Any CPU
		{3C0DA9FA-94B5-4D08-AE8B-8FE9B7B87110}.Debug|x86.Build.0 = Debug|Any CPU
		{3C0DA9FA-94B5-4D08-AE8B-8FE9B7B87110}.Release|Any CPU.ActiveCfg = Release|Any CPU
		{3C0DA9FA-94B5-4D08-AE8B-8FE9B7B87110}.Release|Any CPU.Build.0 = Release|Any CPU
		{3C0DA9FA-94B5-4D08-AE8B-8FE9B7B87110}.Release|x64.ActiveCfg = Release|Any CPU
		{3C0DA9FA-94B5-4D08-AE8B-8FE9B7B87110}.Release|x64.Build.0 = Release|Any CPU
		{3C0DA9FA-94B5-4D08-AE8B-8FE9B7B87110}.Release|x86.ActiveCfg = Release|Any CPU
		{3C0DA9FA-94B5-4D08-AE8B-8FE9B7B87110}.Release|x86.Build.0 = Release|Any CPU
		{56D249A3-4D02-4651-98ED-4C8357CC622F}.Debug|Any CPU.ActiveCfg = Debug|Any CPU
		{56D249A3-4D02-4651-98ED-4C8357CC622F}.Debug|Any CPU.Build.0 = Debug|Any CPU
		{56D249A3-4D02-4651-98ED-4C8357CC622F}.Debug|x64.ActiveCfg = Debug|Any CPU
		{56D249A3-4D02-4651-98ED-4C8357CC622F}.Debug|x64.Build.0 = Debug|Any CPU
		{56D249A3-4D02-4651-98ED-4C8357CC622F}.Debug|x86.ActiveCfg = Debug|Any CPU
		{56D249A3-4D02-4651-98ED-4C8357CC622F}.Debug|x86.Build.0 = Debug|Any CPU
		{56D249A3-4D02-4651-98ED-4C8357CC622F}.Release|Any CPU.ActiveCfg = Release|Any CPU
		{56D249A3-4D02-4651-98ED-4C8357CC622F}.Release|Any CPU.Build.0 = Release|Any CPU
		{56D249A3-4D02-4651-98ED-4C8357CC622F}.Release|x64.ActiveCfg = Release|Any CPU
		{56D249A3-4D02-4651-98ED-4C8357CC622F}.Release|x64.Build.0 = Release|Any CPU
		{56D249A3-4D02-4651-98ED-4C8357CC622F}.Release|x86.ActiveCfg = Release|Any CPU
		{56D249A3-4D02-4651-98ED-4C8357CC622F}.Release|x86.Build.0 = Release|Any CPU
		{03EB2D5D-47B2-43A7-9309-08ED3E7FE257}.Debug|Any CPU.ActiveCfg = Debug|Any CPU
		{03EB2D5D-47B2-43A7-9309-08ED3E7FE257}.Debug|Any CPU.Build.0 = Debug|Any CPU
		{03EB2D5D-47B2-43A7-9309-08ED3E7FE257}.Debug|x64.ActiveCfg = Debug|Any CPU
		{03EB2D5D-47B2-43A7-9309-08ED3E7FE257}.Debug|x64.Build.0 = Debug|Any CPU
		{03EB2D5D-47B2-43A7-9309-08ED3E7FE257}.Debug|x86.ActiveCfg = Debug|Any CPU
		{03EB2D5D-47B2-43A7-9309-08ED3E7FE257}.Debug|x86.Build.0 = Debug|Any CPU
		{03EB2D5D-47B2-43A7-9309-08ED3E7FE257}.Release|Any CPU.ActiveCfg = Release|Any CPU
		{03EB2D5D-47B2-43A7-9309-08ED3E7FE257}.Release|Any CPU.Build.0 = Release|Any CPU
		{03EB2D5D-47B2-43A7-9309-08ED3E7FE257}.Release|x64.ActiveCfg = Release|Any CPU
		{03EB2D5D-47B2-43A7-9309-08ED3E7FE257}.Release|x64.Build.0 = Release|Any CPU
		{03EB2D5D-47B2-43A7-9309-08ED3E7FE257}.Release|x86.ActiveCfg = Release|Any CPU
		{03EB2D5D-47B2-43A7-9309-08ED3E7FE257}.Release|x86.Build.0 = Release|Any CPU
		{4A1E1595-E889-42B3-8BC9-CD3AD66EFE3C}.Debug|Any CPU.ActiveCfg = Debug|Any CPU
		{4A1E1595-E889-42B3-8BC9-CD3AD66EFE3C}.Debug|Any CPU.Build.0 = Debug|Any CPU
		{4A1E1595-E889-42B3-8BC9-CD3AD66EFE3C}.Debug|x64.ActiveCfg = Debug|Any CPU
		{4A1E1595-E889-42B3-8BC9-CD3AD66EFE3C}.Debug|x64.Build.0 = Debug|Any CPU
		{4A1E1595-E889-42B3-8BC9-CD3AD66EFE3C}.Debug|x86.ActiveCfg = Debug|Any CPU
		{4A1E1595-E889-42B3-8BC9-CD3AD66EFE3C}.Debug|x86.Build.0 = Debug|Any CPU
		{4A1E1595-E889-42B3-8BC9-CD3AD66EFE3C}.Release|Any CPU.ActiveCfg = Release|Any CPU
		{4A1E1595-E889-42B3-8BC9-CD3AD66EFE3C}.Release|Any CPU.Build.0 = Release|Any CPU
		{4A1E1595-E889-42B3-8BC9-CD3AD66EFE3C}.Release|x64.ActiveCfg = Release|Any CPU
		{4A1E1595-E889-42B3-8BC9-CD3AD66EFE3C}.Release|x64.Build.0 = Release|Any CPU
		{4A1E1595-E889-42B3-8BC9-CD3AD66EFE3C}.Release|x86.ActiveCfg = Release|Any CPU
		{4A1E1595-E889-42B3-8BC9-CD3AD66EFE3C}.Release|x86.Build.0 = Release|Any CPU
		{3187CF85-564D-4FB9-9179-56EF0D1026B6}.Debug|Any CPU.ActiveCfg = Debug|Any CPU
		{3187CF85-564D-4FB9-9179-56EF0D1026B6}.Debug|Any CPU.Build.0 = Debug|Any CPU
		{3187CF85-564D-4FB9-9179-56EF0D1026B6}.Debug|x64.ActiveCfg = Debug|Any CPU
		{3187CF85-564D-4FB9-9179-56EF0D1026B6}.Debug|x64.Build.0 = Debug|Any CPU
		{3187CF85-564D-4FB9-9179-56EF0D1026B6}.Debug|x86.ActiveCfg = Debug|Any CPU
		{3187CF85-564D-4FB9-9179-56EF0D1026B6}.Debug|x86.Build.0 = Debug|Any CPU
		{3187CF85-564D-4FB9-9179-56EF0D1026B6}.Release|Any CPU.ActiveCfg = Release|Any CPU
		{3187CF85-564D-4FB9-9179-56EF0D1026B6}.Release|Any CPU.Build.0 = Release|Any CPU
		{3187CF85-564D-4FB9-9179-56EF0D1026B6}.Release|x64.ActiveCfg = Release|Any CPU
		{3187CF85-564D-4FB9-9179-56EF0D1026B6}.Release|x64.Build.0 = Release|Any CPU
		{3187CF85-564D-4FB9-9179-56EF0D1026B6}.Release|x86.ActiveCfg = Release|Any CPU
		{3187CF85-564D-4FB9-9179-56EF0D1026B6}.Release|x86.Build.0 = Release|Any CPU
		{58A2821C-5718-4318-BFCB-D074703F5913}.Debug|Any CPU.ActiveCfg = Debug|Any CPU
		{58A2821C-5718-4318-BFCB-D074703F5913}.Debug|Any CPU.Build.0 = Debug|Any CPU
		{58A2821C-5718-4318-BFCB-D074703F5913}.Debug|x64.ActiveCfg = Debug|Any CPU
		{58A2821C-5718-4318-BFCB-D074703F5913}.Debug|x64.Build.0 = Debug|Any CPU
		{58A2821C-5718-4318-BFCB-D074703F5913}.Debug|x86.ActiveCfg = Debug|Any CPU
		{58A2821C-5718-4318-BFCB-D074703F5913}.Debug|x86.Build.0 = Debug|Any CPU
		{58A2821C-5718-4318-BFCB-D074703F5913}.Release|Any CPU.ActiveCfg = Release|Any CPU
		{58A2821C-5718-4318-BFCB-D074703F5913}.Release|Any CPU.Build.0 = Release|Any CPU
		{58A2821C-5718-4318-BFCB-D074703F5913}.Release|x64.ActiveCfg = Release|Any CPU
		{58A2821C-5718-4318-BFCB-D074703F5913}.Release|x64.Build.0 = Release|Any CPU
		{58A2821C-5718-4318-BFCB-D074703F5913}.Release|x86.ActiveCfg = Release|Any CPU
		{58A2821C-5718-4318-BFCB-D074703F5913}.Release|x86.Build.0 = Release|Any CPU
		{8F6488F7-5DBB-4D6F-9555-26D1D64CACE6}.Debug|Any CPU.ActiveCfg = Debug|Any CPU
		{8F6488F7-5DBB-4D6F-9555-26D1D64CACE6}.Debug|Any CPU.Build.0 = Debug|Any CPU
		{8F6488F7-5DBB-4D6F-9555-26D1D64CACE6}.Debug|x64.ActiveCfg = Debug|Any CPU
		{8F6488F7-5DBB-4D6F-9555-26D1D64CACE6}.Debug|x64.Build.0 = Debug|Any CPU
		{8F6488F7-5DBB-4D6F-9555-26D1D64CACE6}.Debug|x86.ActiveCfg = Debug|Any CPU
		{8F6488F7-5DBB-4D6F-9555-26D1D64CACE6}.Debug|x86.Build.0 = Debug|Any CPU
		{8F6488F7-5DBB-4D6F-9555-26D1D64CACE6}.Release|Any CPU.ActiveCfg = Release|Any CPU
		{8F6488F7-5DBB-4D6F-9555-26D1D64CACE6}.Release|Any CPU.Build.0 = Release|Any CPU
		{8F6488F7-5DBB-4D6F-9555-26D1D64CACE6}.Release|x64.ActiveCfg = Release|Any CPU
		{8F6488F7-5DBB-4D6F-9555-26D1D64CACE6}.Release|x64.Build.0 = Release|Any CPU
		{8F6488F7-5DBB-4D6F-9555-26D1D64CACE6}.Release|x86.ActiveCfg = Release|Any CPU
		{8F6488F7-5DBB-4D6F-9555-26D1D64CACE6}.Release|x86.Build.0 = Release|Any CPU
		{6F5C2C6B-7956-4EA9-999A-5B5EA1914ABF}.Debug|Any CPU.ActiveCfg = Debug|Any CPU
		{6F5C2C6B-7956-4EA9-999A-5B5EA1914ABF}.Debug|Any CPU.Build.0 = Debug|Any CPU
		{6F5C2C6B-7956-4EA9-999A-5B5EA1914ABF}.Debug|x64.ActiveCfg = Debug|Any CPU
		{6F5C2C6B-7956-4EA9-999A-5B5EA1914ABF}.Debug|x64.Build.0 = Debug|Any CPU
		{6F5C2C6B-7956-4EA9-999A-5B5EA1914ABF}.Debug|x86.ActiveCfg = Debug|Any CPU
		{6F5C2C6B-7956-4EA9-999A-5B5EA1914ABF}.Debug|x86.Build.0 = Debug|Any CPU
		{6F5C2C6B-7956-4EA9-999A-5B5EA1914ABF}.Release|Any CPU.ActiveCfg = Release|Any CPU
		{6F5C2C6B-7956-4EA9-999A-5B5EA1914ABF}.Release|Any CPU.Build.0 = Release|Any CPU
		{6F5C2C6B-7956-4EA9-999A-5B5EA1914ABF}.Release|x64.ActiveCfg = Release|Any CPU
		{6F5C2C6B-7956-4EA9-999A-5B5EA1914ABF}.Release|x64.Build.0 = Release|Any CPU
		{6F5C2C6B-7956-4EA9-999A-5B5EA1914ABF}.Release|x86.ActiveCfg = Release|Any CPU
		{6F5C2C6B-7956-4EA9-999A-5B5EA1914ABF}.Release|x86.Build.0 = Release|Any CPU
		{10DED78B-C4DF-43E6-BE1C-2C7F011975DB}.Debug|Any CPU.ActiveCfg = Debug|Any CPU
		{10DED78B-C4DF-43E6-BE1C-2C7F011975DB}.Debug|Any CPU.Build.0 = Debug|Any CPU
		{10DED78B-C4DF-43E6-BE1C-2C7F011975DB}.Debug|x64.ActiveCfg = Debug|Any CPU
		{10DED78B-C4DF-43E6-BE1C-2C7F011975DB}.Debug|x64.Build.0 = Debug|Any CPU
		{10DED78B-C4DF-43E6-BE1C-2C7F011975DB}.Debug|x86.ActiveCfg = Debug|Any CPU
		{10DED78B-C4DF-43E6-BE1C-2C7F011975DB}.Debug|x86.Build.0 = Debug|Any CPU
		{10DED78B-C4DF-43E6-BE1C-2C7F011975DB}.Release|Any CPU.ActiveCfg = Release|Any CPU
		{10DED78B-C4DF-43E6-BE1C-2C7F011975DB}.Release|Any CPU.Build.0 = Release|Any CPU
		{10DED78B-C4DF-43E6-BE1C-2C7F011975DB}.Release|x64.ActiveCfg = Release|Any CPU
		{10DED78B-C4DF-43E6-BE1C-2C7F011975DB}.Release|x64.Build.0 = Release|Any CPU
		{10DED78B-C4DF-43E6-BE1C-2C7F011975DB}.Release|x86.ActiveCfg = Release|Any CPU
		{10DED78B-C4DF-43E6-BE1C-2C7F011975DB}.Release|x86.Build.0 = Release|Any CPU
		{28378593-DD81-4550-9BC2-5B0326CFCDEA}.Debug|Any CPU.ActiveCfg = Debug|Any CPU
		{28378593-DD81-4550-9BC2-5B0326CFCDEA}.Debug|Any CPU.Build.0 = Debug|Any CPU
		{28378593-DD81-4550-9BC2-5B0326CFCDEA}.Debug|x64.ActiveCfg = Debug|Any CPU
		{28378593-DD81-4550-9BC2-5B0326CFCDEA}.Debug|x64.Build.0 = Debug|Any CPU
		{28378593-DD81-4550-9BC2-5B0326CFCDEA}.Debug|x86.ActiveCfg = Debug|Any CPU
		{28378593-DD81-4550-9BC2-5B0326CFCDEA}.Debug|x86.Build.0 = Debug|Any CPU
		{28378593-DD81-4550-9BC2-5B0326CFCDEA}.Release|Any CPU.ActiveCfg = Release|Any CPU
		{28378593-DD81-4550-9BC2-5B0326CFCDEA}.Release|Any CPU.Build.0 = Release|Any CPU
		{28378593-DD81-4550-9BC2-5B0326CFCDEA}.Release|x64.ActiveCfg = Release|Any CPU
		{28378593-DD81-4550-9BC2-5B0326CFCDEA}.Release|x64.Build.0 = Release|Any CPU
		{28378593-DD81-4550-9BC2-5B0326CFCDEA}.Release|x86.ActiveCfg = Release|Any CPU
		{28378593-DD81-4550-9BC2-5B0326CFCDEA}.Release|x86.Build.0 = Release|Any CPU
		{5E5EE000-838C-4F6C-BE91-7F4327688572}.Debug|Any CPU.ActiveCfg = Debug|Any CPU
		{5E5EE000-838C-4F6C-BE91-7F4327688572}.Debug|Any CPU.Build.0 = Debug|Any CPU
		{5E5EE000-838C-4F6C-BE91-7F4327688572}.Debug|x64.ActiveCfg = Debug|Any CPU
		{5E5EE000-838C-4F6C-BE91-7F4327688572}.Debug|x64.Build.0 = Debug|Any CPU
		{5E5EE000-838C-4F6C-BE91-7F4327688572}.Debug|x86.ActiveCfg = Debug|Any CPU
		{5E5EE000-838C-4F6C-BE91-7F4327688572}.Debug|x86.Build.0 = Debug|Any CPU
		{5E5EE000-838C-4F6C-BE91-7F4327688572}.Release|Any CPU.ActiveCfg = Release|Any CPU
		{5E5EE000-838C-4F6C-BE91-7F4327688572}.Release|Any CPU.Build.0 = Release|Any CPU
		{5E5EE000-838C-4F6C-BE91-7F4327688572}.Release|x64.ActiveCfg = Release|Any CPU
		{5E5EE000-838C-4F6C-BE91-7F4327688572}.Release|x64.Build.0 = Release|Any CPU
		{5E5EE000-838C-4F6C-BE91-7F4327688572}.Release|x86.ActiveCfg = Release|Any CPU
		{5E5EE000-838C-4F6C-BE91-7F4327688572}.Release|x86.Build.0 = Release|Any CPU
		{CF98EA22-C55A-4931-AF3E-81353EEFF46D}.Debug|Any CPU.ActiveCfg = Debug|Any CPU
		{CF98EA22-C55A-4931-AF3E-81353EEFF46D}.Debug|Any CPU.Build.0 = Debug|Any CPU
		{CF98EA22-C55A-4931-AF3E-81353EEFF46D}.Debug|x64.ActiveCfg = Debug|Any CPU
		{CF98EA22-C55A-4931-AF3E-81353EEFF46D}.Debug|x64.Build.0 = Debug|Any CPU
		{CF98EA22-C55A-4931-AF3E-81353EEFF46D}.Debug|x86.ActiveCfg = Debug|Any CPU
		{CF98EA22-C55A-4931-AF3E-81353EEFF46D}.Debug|x86.Build.0 = Debug|Any CPU
		{CF98EA22-C55A-4931-AF3E-81353EEFF46D}.Release|Any CPU.ActiveCfg = Release|Any CPU
		{CF98EA22-C55A-4931-AF3E-81353EEFF46D}.Release|Any CPU.Build.0 = Release|Any CPU
		{CF98EA22-C55A-4931-AF3E-81353EEFF46D}.Release|x64.ActiveCfg = Release|Any CPU
		{CF98EA22-C55A-4931-AF3E-81353EEFF46D}.Release|x64.Build.0 = Release|Any CPU
		{CF98EA22-C55A-4931-AF3E-81353EEFF46D}.Release|x86.ActiveCfg = Release|Any CPU
		{CF98EA22-C55A-4931-AF3E-81353EEFF46D}.Release|x86.Build.0 = Release|Any CPU
		{9607C924-A95B-472C-B0A0-D770D761B779}.Debug|Any CPU.ActiveCfg = Debug|Any CPU
		{9607C924-A95B-472C-B0A0-D770D761B779}.Debug|Any CPU.Build.0 = Debug|Any CPU
		{9607C924-A95B-472C-B0A0-D770D761B779}.Debug|x64.ActiveCfg = Debug|Any CPU
		{9607C924-A95B-472C-B0A0-D770D761B779}.Debug|x64.Build.0 = Debug|Any CPU
		{9607C924-A95B-472C-B0A0-D770D761B779}.Debug|x86.ActiveCfg = Debug|Any CPU
		{9607C924-A95B-472C-B0A0-D770D761B779}.Debug|x86.Build.0 = Debug|Any CPU
		{9607C924-A95B-472C-B0A0-D770D761B779}.Release|Any CPU.ActiveCfg = Release|Any CPU
		{9607C924-A95B-472C-B0A0-D770D761B779}.Release|Any CPU.Build.0 = Release|Any CPU
		{9607C924-A95B-472C-B0A0-D770D761B779}.Release|x64.ActiveCfg = Release|Any CPU
		{9607C924-A95B-472C-B0A0-D770D761B779}.Release|x64.Build.0 = Release|Any CPU
		{9607C924-A95B-472C-B0A0-D770D761B779}.Release|x86.ActiveCfg = Release|Any CPU
		{9607C924-A95B-472C-B0A0-D770D761B779}.Release|x86.Build.0 = Release|Any CPU
		{53F67BF8-087F-4DBB-BF63-60B22629E280}.Debug|Any CPU.ActiveCfg = Debug|Any CPU
		{53F67BF8-087F-4DBB-BF63-60B22629E280}.Debug|Any CPU.Build.0 = Debug|Any CPU
		{53F67BF8-087F-4DBB-BF63-60B22629E280}.Debug|x64.ActiveCfg = Debug|Any CPU
		{53F67BF8-087F-4DBB-BF63-60B22629E280}.Debug|x64.Build.0 = Debug|Any CPU
		{53F67BF8-087F-4DBB-BF63-60B22629E280}.Debug|x86.ActiveCfg = Debug|Any CPU
		{53F67BF8-087F-4DBB-BF63-60B22629E280}.Debug|x86.Build.0 = Debug|Any CPU
		{53F67BF8-087F-4DBB-BF63-60B22629E280}.Release|Any CPU.ActiveCfg = Release|Any CPU
		{53F67BF8-087F-4DBB-BF63-60B22629E280}.Release|Any CPU.Build.0 = Release|Any CPU
		{53F67BF8-087F-4DBB-BF63-60B22629E280}.Release|x64.ActiveCfg = Release|Any CPU
		{53F67BF8-087F-4DBB-BF63-60B22629E280}.Release|x64.Build.0 = Release|Any CPU
		{53F67BF8-087F-4DBB-BF63-60B22629E280}.Release|x86.ActiveCfg = Release|Any CPU
		{53F67BF8-087F-4DBB-BF63-60B22629E280}.Release|x86.Build.0 = Release|Any CPU
		{01FADE11-DF36-46A0-BE52-9E110FD115F1}.Debug|Any CPU.ActiveCfg = Debug|Any CPU
		{01FADE11-DF36-46A0-BE52-9E110FD115F1}.Debug|Any CPU.Build.0 = Debug|Any CPU
		{01FADE11-DF36-46A0-BE52-9E110FD115F1}.Debug|x64.ActiveCfg = Debug|Any CPU
		{01FADE11-DF36-46A0-BE52-9E110FD115F1}.Debug|x64.Build.0 = Debug|Any CPU
		{01FADE11-DF36-46A0-BE52-9E110FD115F1}.Debug|x86.ActiveCfg = Debug|Any CPU
		{01FADE11-DF36-46A0-BE52-9E110FD115F1}.Debug|x86.Build.0 = Debug|Any CPU
		{01FADE11-DF36-46A0-BE52-9E110FD115F1}.Release|Any CPU.ActiveCfg = Release|Any CPU
		{01FADE11-DF36-46A0-BE52-9E110FD115F1}.Release|Any CPU.Build.0 = Release|Any CPU
		{01FADE11-DF36-46A0-BE52-9E110FD115F1}.Release|x64.ActiveCfg = Release|Any CPU
		{01FADE11-DF36-46A0-BE52-9E110FD115F1}.Release|x64.Build.0 = Release|Any CPU
		{01FADE11-DF36-46A0-BE52-9E110FD115F1}.Release|x86.ActiveCfg = Release|Any CPU
		{01FADE11-DF36-46A0-BE52-9E110FD115F1}.Release|x86.Build.0 = Release|Any CPU
		{3E212804-5203-4E8D-A0F0-E483CA448AF8}.Debug|Any CPU.ActiveCfg = Debug|Any CPU
		{3E212804-5203-4E8D-A0F0-E483CA448AF8}.Debug|Any CPU.Build.0 = Debug|Any CPU
		{3E212804-5203-4E8D-A0F0-E483CA448AF8}.Debug|x64.ActiveCfg = Debug|Any CPU
		{3E212804-5203-4E8D-A0F0-E483CA448AF8}.Debug|x64.Build.0 = Debug|Any CPU
		{3E212804-5203-4E8D-A0F0-E483CA448AF8}.Debug|x86.ActiveCfg = Debug|Any CPU
		{3E212804-5203-4E8D-A0F0-E483CA448AF8}.Debug|x86.Build.0 = Debug|Any CPU
		{3E212804-5203-4E8D-A0F0-E483CA448AF8}.Release|Any CPU.ActiveCfg = Release|Any CPU
		{3E212804-5203-4E8D-A0F0-E483CA448AF8}.Release|Any CPU.Build.0 = Release|Any CPU
		{3E212804-5203-4E8D-A0F0-E483CA448AF8}.Release|x64.ActiveCfg = Release|Any CPU
		{3E212804-5203-4E8D-A0F0-E483CA448AF8}.Release|x64.Build.0 = Release|Any CPU
		{3E212804-5203-4E8D-A0F0-E483CA448AF8}.Release|x86.ActiveCfg = Release|Any CPU
		{3E212804-5203-4E8D-A0F0-E483CA448AF8}.Release|x86.Build.0 = Release|Any CPU
		{DAB28637-D0D6-4165-A7E8-A3022D5A915C}.Debug|Any CPU.ActiveCfg = Debug|Any CPU
		{DAB28637-D0D6-4165-A7E8-A3022D5A915C}.Debug|Any CPU.Build.0 = Debug|Any CPU
		{DAB28637-D0D6-4165-A7E8-A3022D5A915C}.Debug|x64.ActiveCfg = Debug|Any CPU
		{DAB28637-D0D6-4165-A7E8-A3022D5A915C}.Debug|x64.Build.0 = Debug|Any CPU
		{DAB28637-D0D6-4165-A7E8-A3022D5A915C}.Debug|x86.ActiveCfg = Debug|Any CPU
		{DAB28637-D0D6-4165-A7E8-A3022D5A915C}.Debug|x86.Build.0 = Debug|Any CPU
		{DAB28637-D0D6-4165-A7E8-A3022D5A915C}.Release|Any CPU.ActiveCfg = Release|Any CPU
		{DAB28637-D0D6-4165-A7E8-A3022D5A915C}.Release|Any CPU.Build.0 = Release|Any CPU
		{DAB28637-D0D6-4165-A7E8-A3022D5A915C}.Release|x64.ActiveCfg = Release|Any CPU
		{DAB28637-D0D6-4165-A7E8-A3022D5A915C}.Release|x64.Build.0 = Release|Any CPU
		{DAB28637-D0D6-4165-A7E8-A3022D5A915C}.Release|x86.ActiveCfg = Release|Any CPU
		{DAB28637-D0D6-4165-A7E8-A3022D5A915C}.Release|x86.Build.0 = Release|Any CPU
		{D2D8A460-B9AE-472D-B2C3-76BBBDCAC8DC}.Debug|Any CPU.ActiveCfg = Debug|Any CPU
		{D2D8A460-B9AE-472D-B2C3-76BBBDCAC8DC}.Debug|Any CPU.Build.0 = Debug|Any CPU
		{D2D8A460-B9AE-472D-B2C3-76BBBDCAC8DC}.Debug|x64.ActiveCfg = Debug|Any CPU
		{D2D8A460-B9AE-472D-B2C3-76BBBDCAC8DC}.Debug|x64.Build.0 = Debug|Any CPU
		{D2D8A460-B9AE-472D-B2C3-76BBBDCAC8DC}.Debug|x86.ActiveCfg = Debug|Any CPU
		{D2D8A460-B9AE-472D-B2C3-76BBBDCAC8DC}.Debug|x86.Build.0 = Debug|Any CPU
		{D2D8A460-B9AE-472D-B2C3-76BBBDCAC8DC}.Release|Any CPU.ActiveCfg = Release|Any CPU
		{D2D8A460-B9AE-472D-B2C3-76BBBDCAC8DC}.Release|Any CPU.Build.0 = Release|Any CPU
		{D2D8A460-B9AE-472D-B2C3-76BBBDCAC8DC}.Release|x64.ActiveCfg = Release|Any CPU
		{D2D8A460-B9AE-472D-B2C3-76BBBDCAC8DC}.Release|x64.Build.0 = Release|Any CPU
		{D2D8A460-B9AE-472D-B2C3-76BBBDCAC8DC}.Release|x86.ActiveCfg = Release|Any CPU
		{D2D8A460-B9AE-472D-B2C3-76BBBDCAC8DC}.Release|x86.Build.0 = Release|Any CPU
		{01F12B55-BE06-44F3-9936-12942AF681DF}.Debug|Any CPU.ActiveCfg = Debug|Any CPU
		{01F12B55-BE06-44F3-9936-12942AF681DF}.Debug|Any CPU.Build.0 = Debug|Any CPU
		{01F12B55-BE06-44F3-9936-12942AF681DF}.Debug|x64.ActiveCfg = Debug|Any CPU
		{01F12B55-BE06-44F3-9936-12942AF681DF}.Debug|x64.Build.0 = Debug|Any CPU
		{01F12B55-BE06-44F3-9936-12942AF681DF}.Debug|x86.ActiveCfg = Debug|Any CPU
		{01F12B55-BE06-44F3-9936-12942AF681DF}.Debug|x86.Build.0 = Debug|Any CPU
		{01F12B55-BE06-44F3-9936-12942AF681DF}.Release|Any CPU.ActiveCfg = Release|Any CPU
		{01F12B55-BE06-44F3-9936-12942AF681DF}.Release|Any CPU.Build.0 = Release|Any CPU
		{01F12B55-BE06-44F3-9936-12942AF681DF}.Release|x64.ActiveCfg = Release|Any CPU
		{01F12B55-BE06-44F3-9936-12942AF681DF}.Release|x64.Build.0 = Release|Any CPU
		{01F12B55-BE06-44F3-9936-12942AF681DF}.Release|x86.ActiveCfg = Release|Any CPU
		{01F12B55-BE06-44F3-9936-12942AF681DF}.Release|x86.Build.0 = Release|Any CPU
		{74DFAB0A-609A-42BE-AC55-132ABC9BE17E}.Debug|Any CPU.ActiveCfg = Debug|Any CPU
		{74DFAB0A-609A-42BE-AC55-132ABC9BE17E}.Debug|Any CPU.Build.0 = Debug|Any CPU
		{74DFAB0A-609A-42BE-AC55-132ABC9BE17E}.Debug|x64.ActiveCfg = Debug|Any CPU
		{74DFAB0A-609A-42BE-AC55-132ABC9BE17E}.Debug|x64.Build.0 = Debug|Any CPU
		{74DFAB0A-609A-42BE-AC55-132ABC9BE17E}.Debug|x86.ActiveCfg = Debug|Any CPU
		{74DFAB0A-609A-42BE-AC55-132ABC9BE17E}.Debug|x86.Build.0 = Debug|Any CPU
		{74DFAB0A-609A-42BE-AC55-132ABC9BE17E}.Release|Any CPU.ActiveCfg = Release|Any CPU
		{74DFAB0A-609A-42BE-AC55-132ABC9BE17E}.Release|Any CPU.Build.0 = Release|Any CPU
		{74DFAB0A-609A-42BE-AC55-132ABC9BE17E}.Release|x64.ActiveCfg = Release|Any CPU
		{74DFAB0A-609A-42BE-AC55-132ABC9BE17E}.Release|x64.Build.0 = Release|Any CPU
		{74DFAB0A-609A-42BE-AC55-132ABC9BE17E}.Release|x86.ActiveCfg = Release|Any CPU
		{74DFAB0A-609A-42BE-AC55-132ABC9BE17E}.Release|x86.Build.0 = Release|Any CPU
		{BEDD8956-DB09-4CAA-9A10-CAFF74E11D6F}.Debug|Any CPU.ActiveCfg = Debug|Any CPU
		{BEDD8956-DB09-4CAA-9A10-CAFF74E11D6F}.Debug|Any CPU.Build.0 = Debug|Any CPU
		{BEDD8956-DB09-4CAA-9A10-CAFF74E11D6F}.Debug|x64.ActiveCfg = Debug|Any CPU
		{BEDD8956-DB09-4CAA-9A10-CAFF74E11D6F}.Debug|x64.Build.0 = Debug|Any CPU
		{BEDD8956-DB09-4CAA-9A10-CAFF74E11D6F}.Debug|x86.ActiveCfg = Debug|Any CPU
		{BEDD8956-DB09-4CAA-9A10-CAFF74E11D6F}.Debug|x86.Build.0 = Debug|Any CPU
		{BEDD8956-DB09-4CAA-9A10-CAFF74E11D6F}.Release|Any CPU.ActiveCfg = Release|Any CPU
		{BEDD8956-DB09-4CAA-9A10-CAFF74E11D6F}.Release|Any CPU.Build.0 = Release|Any CPU
		{BEDD8956-DB09-4CAA-9A10-CAFF74E11D6F}.Release|x64.ActiveCfg = Release|Any CPU
		{BEDD8956-DB09-4CAA-9A10-CAFF74E11D6F}.Release|x64.Build.0 = Release|Any CPU
		{BEDD8956-DB09-4CAA-9A10-CAFF74E11D6F}.Release|x86.ActiveCfg = Release|Any CPU
		{BEDD8956-DB09-4CAA-9A10-CAFF74E11D6F}.Release|x86.Build.0 = Release|Any CPU
		{BB5C98B5-25C2-4BF3-A20E-6581B0740F82}.Debug|Any CPU.ActiveCfg = Debug|Any CPU
		{BB5C98B5-25C2-4BF3-A20E-6581B0740F82}.Debug|Any CPU.Build.0 = Debug|Any CPU
		{BB5C98B5-25C2-4BF3-A20E-6581B0740F82}.Debug|x64.ActiveCfg = Debug|Any CPU
		{BB5C98B5-25C2-4BF3-A20E-6581B0740F82}.Debug|x64.Build.0 = Debug|Any CPU
		{BB5C98B5-25C2-4BF3-A20E-6581B0740F82}.Debug|x86.ActiveCfg = Debug|Any CPU
		{BB5C98B5-25C2-4BF3-A20E-6581B0740F82}.Debug|x86.Build.0 = Debug|Any CPU
		{BB5C98B5-25C2-4BF3-A20E-6581B0740F82}.Release|Any CPU.ActiveCfg = Release|Any CPU
		{BB5C98B5-25C2-4BF3-A20E-6581B0740F82}.Release|Any CPU.Build.0 = Release|Any CPU
		{BB5C98B5-25C2-4BF3-A20E-6581B0740F82}.Release|x64.ActiveCfg = Release|Any CPU
		{BB5C98B5-25C2-4BF3-A20E-6581B0740F82}.Release|x64.Build.0 = Release|Any CPU
		{BB5C98B5-25C2-4BF3-A20E-6581B0740F82}.Release|x86.ActiveCfg = Release|Any CPU
		{BB5C98B5-25C2-4BF3-A20E-6581B0740F82}.Release|x86.Build.0 = Release|Any CPU
		{8E03E8AA-D7F7-41F3-BF9B-325A04E013A9}.Debug|Any CPU.ActiveCfg = Debug|Any CPU
		{8E03E8AA-D7F7-41F3-BF9B-325A04E013A9}.Debug|Any CPU.Build.0 = Debug|Any CPU
		{8E03E8AA-D7F7-41F3-BF9B-325A04E013A9}.Debug|x64.ActiveCfg = Debug|Any CPU
		{8E03E8AA-D7F7-41F3-BF9B-325A04E013A9}.Debug|x64.Build.0 = Debug|Any CPU
		{8E03E8AA-D7F7-41F3-BF9B-325A04E013A9}.Debug|x86.ActiveCfg = Debug|Any CPU
		{8E03E8AA-D7F7-41F3-BF9B-325A04E013A9}.Debug|x86.Build.0 = Debug|Any CPU
		{8E03E8AA-D7F7-41F3-BF9B-325A04E013A9}.Release|Any CPU.ActiveCfg = Release|Any CPU
		{8E03E8AA-D7F7-41F3-BF9B-325A04E013A9}.Release|Any CPU.Build.0 = Release|Any CPU
		{8E03E8AA-D7F7-41F3-BF9B-325A04E013A9}.Release|x64.ActiveCfg = Release|Any CPU
		{8E03E8AA-D7F7-41F3-BF9B-325A04E013A9}.Release|x64.Build.0 = Release|Any CPU
		{8E03E8AA-D7F7-41F3-BF9B-325A04E013A9}.Release|x86.ActiveCfg = Release|Any CPU
		{8E03E8AA-D7F7-41F3-BF9B-325A04E013A9}.Release|x86.Build.0 = Release|Any CPU
		{11FBEF69-4FBB-47F5-B496-72F2A30E2C89}.Debug|Any CPU.ActiveCfg = Debug|Any CPU
		{11FBEF69-4FBB-47F5-B496-72F2A30E2C89}.Debug|Any CPU.Build.0 = Debug|Any CPU
		{11FBEF69-4FBB-47F5-B496-72F2A30E2C89}.Debug|x64.ActiveCfg = Debug|Any CPU
		{11FBEF69-4FBB-47F5-B496-72F2A30E2C89}.Debug|x64.Build.0 = Debug|Any CPU
		{11FBEF69-4FBB-47F5-B496-72F2A30E2C89}.Debug|x86.ActiveCfg = Debug|Any CPU
		{11FBEF69-4FBB-47F5-B496-72F2A30E2C89}.Debug|x86.Build.0 = Debug|Any CPU
		{11FBEF69-4FBB-47F5-B496-72F2A30E2C89}.Release|Any CPU.ActiveCfg = Release|Any CPU
		{11FBEF69-4FBB-47F5-B496-72F2A30E2C89}.Release|Any CPU.Build.0 = Release|Any CPU
		{11FBEF69-4FBB-47F5-B496-72F2A30E2C89}.Release|x64.ActiveCfg = Release|Any CPU
		{11FBEF69-4FBB-47F5-B496-72F2A30E2C89}.Release|x64.Build.0 = Release|Any CPU
		{11FBEF69-4FBB-47F5-B496-72F2A30E2C89}.Release|x86.ActiveCfg = Release|Any CPU
		{11FBEF69-4FBB-47F5-B496-72F2A30E2C89}.Release|x86.Build.0 = Release|Any CPU
		{3A56AE0D-0FE8-4248-B1FE-E87797D4AFDE}.Debug|Any CPU.ActiveCfg = Debug|Any CPU
		{3A56AE0D-0FE8-4248-B1FE-E87797D4AFDE}.Debug|Any CPU.Build.0 = Debug|Any CPU
		{3A56AE0D-0FE8-4248-B1FE-E87797D4AFDE}.Debug|x64.ActiveCfg = Debug|Any CPU
		{3A56AE0D-0FE8-4248-B1FE-E87797D4AFDE}.Debug|x64.Build.0 = Debug|Any CPU
		{3A56AE0D-0FE8-4248-B1FE-E87797D4AFDE}.Debug|x86.ActiveCfg = Debug|Any CPU
		{3A56AE0D-0FE8-4248-B1FE-E87797D4AFDE}.Debug|x86.Build.0 = Debug|Any CPU
		{3A56AE0D-0FE8-4248-B1FE-E87797D4AFDE}.Release|Any CPU.ActiveCfg = Release|Any CPU
		{3A56AE0D-0FE8-4248-B1FE-E87797D4AFDE}.Release|Any CPU.Build.0 = Release|Any CPU
		{3A56AE0D-0FE8-4248-B1FE-E87797D4AFDE}.Release|x64.ActiveCfg = Release|Any CPU
		{3A56AE0D-0FE8-4248-B1FE-E87797D4AFDE}.Release|x64.Build.0 = Release|Any CPU
		{3A56AE0D-0FE8-4248-B1FE-E87797D4AFDE}.Release|x86.ActiveCfg = Release|Any CPU
		{3A56AE0D-0FE8-4248-B1FE-E87797D4AFDE}.Release|x86.Build.0 = Release|Any CPU
		{B0F3681A-CDD2-4C56-A220-E1F2F4228510}.Debug|Any CPU.ActiveCfg = Debug|Any CPU
		{B0F3681A-CDD2-4C56-A220-E1F2F4228510}.Debug|Any CPU.Build.0 = Debug|Any CPU
		{B0F3681A-CDD2-4C56-A220-E1F2F4228510}.Debug|x64.ActiveCfg = Debug|Any CPU
		{B0F3681A-CDD2-4C56-A220-E1F2F4228510}.Debug|x64.Build.0 = Debug|Any CPU
		{B0F3681A-CDD2-4C56-A220-E1F2F4228510}.Debug|x86.ActiveCfg = Debug|Any CPU
		{B0F3681A-CDD2-4C56-A220-E1F2F4228510}.Debug|x86.Build.0 = Debug|Any CPU
		{B0F3681A-CDD2-4C56-A220-E1F2F4228510}.Release|Any CPU.ActiveCfg = Release|Any CPU
		{B0F3681A-CDD2-4C56-A220-E1F2F4228510}.Release|Any CPU.Build.0 = Release|Any CPU
		{B0F3681A-CDD2-4C56-A220-E1F2F4228510}.Release|x64.ActiveCfg = Release|Any CPU
		{B0F3681A-CDD2-4C56-A220-E1F2F4228510}.Release|x64.Build.0 = Release|Any CPU
		{B0F3681A-CDD2-4C56-A220-E1F2F4228510}.Release|x86.ActiveCfg = Release|Any CPU
		{B0F3681A-CDD2-4C56-A220-E1F2F4228510}.Release|x86.Build.0 = Release|Any CPU
		{CD48789F-92A1-4D39-8848-0BF9B8D26CEC}.Debug|Any CPU.ActiveCfg = Debug|Any CPU
		{CD48789F-92A1-4D39-8848-0BF9B8D26CEC}.Debug|Any CPU.Build.0 = Debug|Any CPU
		{CD48789F-92A1-4D39-8848-0BF9B8D26CEC}.Debug|x64.ActiveCfg = Debug|Any CPU
		{CD48789F-92A1-4D39-8848-0BF9B8D26CEC}.Debug|x64.Build.0 = Debug|Any CPU
		{CD48789F-92A1-4D39-8848-0BF9B8D26CEC}.Debug|x86.ActiveCfg = Debug|Any CPU
		{CD48789F-92A1-4D39-8848-0BF9B8D26CEC}.Debug|x86.Build.0 = Debug|Any CPU
		{CD48789F-92A1-4D39-8848-0BF9B8D26CEC}.Release|Any CPU.ActiveCfg = Release|Any CPU
		{CD48789F-92A1-4D39-8848-0BF9B8D26CEC}.Release|Any CPU.Build.0 = Release|Any CPU
		{CD48789F-92A1-4D39-8848-0BF9B8D26CEC}.Release|x64.ActiveCfg = Release|Any CPU
		{CD48789F-92A1-4D39-8848-0BF9B8D26CEC}.Release|x64.Build.0 = Release|Any CPU
		{CD48789F-92A1-4D39-8848-0BF9B8D26CEC}.Release|x86.ActiveCfg = Release|Any CPU
		{CD48789F-92A1-4D39-8848-0BF9B8D26CEC}.Release|x86.Build.0 = Release|Any CPU
		{A1F56395-A2A6-48EC-BDC6-C859678A0F64}.Debug|Any CPU.ActiveCfg = Debug|Any CPU
		{A1F56395-A2A6-48EC-BDC6-C859678A0F64}.Debug|Any CPU.Build.0 = Debug|Any CPU
		{A1F56395-A2A6-48EC-BDC6-C859678A0F64}.Debug|x64.ActiveCfg = Debug|Any CPU
		{A1F56395-A2A6-48EC-BDC6-C859678A0F64}.Debug|x64.Build.0 = Debug|Any CPU
		{A1F56395-A2A6-48EC-BDC6-C859678A0F64}.Debug|x86.ActiveCfg = Debug|Any CPU
		{A1F56395-A2A6-48EC-BDC6-C859678A0F64}.Debug|x86.Build.0 = Debug|Any CPU
		{A1F56395-A2A6-48EC-BDC6-C859678A0F64}.Release|Any CPU.ActiveCfg = Release|Any CPU
		{A1F56395-A2A6-48EC-BDC6-C859678A0F64}.Release|Any CPU.Build.0 = Release|Any CPU
		{A1F56395-A2A6-48EC-BDC6-C859678A0F64}.Release|x64.ActiveCfg = Release|Any CPU
		{A1F56395-A2A6-48EC-BDC6-C859678A0F64}.Release|x64.Build.0 = Release|Any CPU
		{A1F56395-A2A6-48EC-BDC6-C859678A0F64}.Release|x86.ActiveCfg = Release|Any CPU
		{A1F56395-A2A6-48EC-BDC6-C859678A0F64}.Release|x86.Build.0 = Release|Any CPU
		{173FE180-4C6A-4BAA-BA3B-A9EA2141D485}.Debug|Any CPU.ActiveCfg = Debug|Any CPU
		{173FE180-4C6A-4BAA-BA3B-A9EA2141D485}.Debug|Any CPU.Build.0 = Debug|Any CPU
		{173FE180-4C6A-4BAA-BA3B-A9EA2141D485}.Debug|x64.ActiveCfg = Debug|Any CPU
		{173FE180-4C6A-4BAA-BA3B-A9EA2141D485}.Debug|x64.Build.0 = Debug|Any CPU
		{173FE180-4C6A-4BAA-BA3B-A9EA2141D485}.Debug|x86.ActiveCfg = Debug|Any CPU
		{173FE180-4C6A-4BAA-BA3B-A9EA2141D485}.Debug|x86.Build.0 = Debug|Any CPU
		{173FE180-4C6A-4BAA-BA3B-A9EA2141D485}.Release|Any CPU.ActiveCfg = Release|Any CPU
		{173FE180-4C6A-4BAA-BA3B-A9EA2141D485}.Release|Any CPU.Build.0 = Release|Any CPU
		{173FE180-4C6A-4BAA-BA3B-A9EA2141D485}.Release|x64.ActiveCfg = Release|Any CPU
		{173FE180-4C6A-4BAA-BA3B-A9EA2141D485}.Release|x64.Build.0 = Release|Any CPU
		{173FE180-4C6A-4BAA-BA3B-A9EA2141D485}.Release|x86.ActiveCfg = Release|Any CPU
		{173FE180-4C6A-4BAA-BA3B-A9EA2141D485}.Release|x86.Build.0 = Release|Any CPU
		{8C5AE32B-E714-4B74-96C0-2081A4A2E85F}.Debug|Any CPU.ActiveCfg = Debug|Any CPU
		{8C5AE32B-E714-4B74-96C0-2081A4A2E85F}.Debug|Any CPU.Build.0 = Debug|Any CPU
		{8C5AE32B-E714-4B74-96C0-2081A4A2E85F}.Debug|x64.ActiveCfg = Debug|Any CPU
		{8C5AE32B-E714-4B74-96C0-2081A4A2E85F}.Debug|x64.Build.0 = Debug|Any CPU
		{8C5AE32B-E714-4B74-96C0-2081A4A2E85F}.Debug|x86.ActiveCfg = Debug|Any CPU
		{8C5AE32B-E714-4B74-96C0-2081A4A2E85F}.Debug|x86.Build.0 = Debug|Any CPU
		{8C5AE32B-E714-4B74-96C0-2081A4A2E85F}.Release|Any CPU.ActiveCfg = Release|Any CPU
		{8C5AE32B-E714-4B74-96C0-2081A4A2E85F}.Release|Any CPU.Build.0 = Release|Any CPU
		{8C5AE32B-E714-4B74-96C0-2081A4A2E85F}.Release|x64.ActiveCfg = Release|Any CPU
		{8C5AE32B-E714-4B74-96C0-2081A4A2E85F}.Release|x64.Build.0 = Release|Any CPU
		{8C5AE32B-E714-4B74-96C0-2081A4A2E85F}.Release|x86.ActiveCfg = Release|Any CPU
		{8C5AE32B-E714-4B74-96C0-2081A4A2E85F}.Release|x86.Build.0 = Release|Any CPU
		{1A94CDD7-F2E6-47D4-9EE0-F9208F66DD2D}.Debug|Any CPU.ActiveCfg = Debug|Any CPU
		{1A94CDD7-F2E6-47D4-9EE0-F9208F66DD2D}.Debug|Any CPU.Build.0 = Debug|Any CPU
		{1A94CDD7-F2E6-47D4-9EE0-F9208F66DD2D}.Debug|x64.ActiveCfg = Debug|Any CPU
		{1A94CDD7-F2E6-47D4-9EE0-F9208F66DD2D}.Debug|x64.Build.0 = Debug|Any CPU
		{1A94CDD7-F2E6-47D4-9EE0-F9208F66DD2D}.Debug|x86.ActiveCfg = Debug|Any CPU
		{1A94CDD7-F2E6-47D4-9EE0-F9208F66DD2D}.Debug|x86.Build.0 = Debug|Any CPU
		{1A94CDD7-F2E6-47D4-9EE0-F9208F66DD2D}.Release|Any CPU.ActiveCfg = Release|Any CPU
		{1A94CDD7-F2E6-47D4-9EE0-F9208F66DD2D}.Release|Any CPU.Build.0 = Release|Any CPU
		{1A94CDD7-F2E6-47D4-9EE0-F9208F66DD2D}.Release|x64.ActiveCfg = Release|Any CPU
		{1A94CDD7-F2E6-47D4-9EE0-F9208F66DD2D}.Release|x64.Build.0 = Release|Any CPU
		{1A94CDD7-F2E6-47D4-9EE0-F9208F66DD2D}.Release|x86.ActiveCfg = Release|Any CPU
		{1A94CDD7-F2E6-47D4-9EE0-F9208F66DD2D}.Release|x86.Build.0 = Release|Any CPU
		{9DD05305-8A14-496D-9A86-C641C95EAD03}.Debug|Any CPU.ActiveCfg = Debug|Any CPU
		{9DD05305-8A14-496D-9A86-C641C95EAD03}.Debug|Any CPU.Build.0 = Debug|Any CPU
		{9DD05305-8A14-496D-9A86-C641C95EAD03}.Debug|x64.ActiveCfg = Debug|Any CPU
		{9DD05305-8A14-496D-9A86-C641C95EAD03}.Debug|x64.Build.0 = Debug|Any CPU
		{9DD05305-8A14-496D-9A86-C641C95EAD03}.Debug|x86.ActiveCfg = Debug|Any CPU
		{9DD05305-8A14-496D-9A86-C641C95EAD03}.Debug|x86.Build.0 = Debug|Any CPU
		{9DD05305-8A14-496D-9A86-C641C95EAD03}.Release|Any CPU.ActiveCfg = Release|Any CPU
		{9DD05305-8A14-496D-9A86-C641C95EAD03}.Release|Any CPU.Build.0 = Release|Any CPU
		{9DD05305-8A14-496D-9A86-C641C95EAD03}.Release|x64.ActiveCfg = Release|Any CPU
		{9DD05305-8A14-496D-9A86-C641C95EAD03}.Release|x64.Build.0 = Release|Any CPU
		{9DD05305-8A14-496D-9A86-C641C95EAD03}.Release|x86.ActiveCfg = Release|Any CPU
		{9DD05305-8A14-496D-9A86-C641C95EAD03}.Release|x86.Build.0 = Release|Any CPU
		{F8D88AF6-325D-4BB3-81F5-5FD7C3111447}.Debug|Any CPU.ActiveCfg = Debug|Any CPU
		{F8D88AF6-325D-4BB3-81F5-5FD7C3111447}.Debug|Any CPU.Build.0 = Debug|Any CPU
		{F8D88AF6-325D-4BB3-81F5-5FD7C3111447}.Debug|x64.ActiveCfg = Debug|Any CPU
		{F8D88AF6-325D-4BB3-81F5-5FD7C3111447}.Debug|x64.Build.0 = Debug|Any CPU
		{F8D88AF6-325D-4BB3-81F5-5FD7C3111447}.Debug|x86.ActiveCfg = Debug|Any CPU
		{F8D88AF6-325D-4BB3-81F5-5FD7C3111447}.Debug|x86.Build.0 = Debug|Any CPU
		{F8D88AF6-325D-4BB3-81F5-5FD7C3111447}.Release|Any CPU.ActiveCfg = Release|Any CPU
		{F8D88AF6-325D-4BB3-81F5-5FD7C3111447}.Release|Any CPU.Build.0 = Release|Any CPU
		{F8D88AF6-325D-4BB3-81F5-5FD7C3111447}.Release|x64.ActiveCfg = Release|Any CPU
		{F8D88AF6-325D-4BB3-81F5-5FD7C3111447}.Release|x64.Build.0 = Release|Any CPU
		{F8D88AF6-325D-4BB3-81F5-5FD7C3111447}.Release|x86.ActiveCfg = Release|Any CPU
		{F8D88AF6-325D-4BB3-81F5-5FD7C3111447}.Release|x86.Build.0 = Release|Any CPU
		{81633D97-6B40-470E-B02C-CF7E77D83F0B}.Debug|Any CPU.ActiveCfg = Debug|Any CPU
		{81633D97-6B40-470E-B02C-CF7E77D83F0B}.Debug|Any CPU.Build.0 = Debug|Any CPU
		{81633D97-6B40-470E-B02C-CF7E77D83F0B}.Debug|x64.ActiveCfg = Debug|Any CPU
		{81633D97-6B40-470E-B02C-CF7E77D83F0B}.Debug|x64.Build.0 = Debug|Any CPU
		{81633D97-6B40-470E-B02C-CF7E77D83F0B}.Debug|x86.ActiveCfg = Debug|Any CPU
		{81633D97-6B40-470E-B02C-CF7E77D83F0B}.Debug|x86.Build.0 = Debug|Any CPU
		{81633D97-6B40-470E-B02C-CF7E77D83F0B}.Release|Any CPU.ActiveCfg = Release|Any CPU
		{81633D97-6B40-470E-B02C-CF7E77D83F0B}.Release|Any CPU.Build.0 = Release|Any CPU
		{81633D97-6B40-470E-B02C-CF7E77D83F0B}.Release|x64.ActiveCfg = Release|Any CPU
		{81633D97-6B40-470E-B02C-CF7E77D83F0B}.Release|x64.Build.0 = Release|Any CPU
		{81633D97-6B40-470E-B02C-CF7E77D83F0B}.Release|x86.ActiveCfg = Release|Any CPU
		{81633D97-6B40-470E-B02C-CF7E77D83F0B}.Release|x86.Build.0 = Release|Any CPU
		{5F244D88-6DA7-4572-8912-FF60C8EF91BD}.Debug|Any CPU.ActiveCfg = Debug|Any CPU
		{5F244D88-6DA7-4572-8912-FF60C8EF91BD}.Debug|Any CPU.Build.0 = Debug|Any CPU
		{5F244D88-6DA7-4572-8912-FF60C8EF91BD}.Debug|x64.ActiveCfg = Debug|Any CPU
		{5F244D88-6DA7-4572-8912-FF60C8EF91BD}.Debug|x64.Build.0 = Debug|Any CPU
		{5F244D88-6DA7-4572-8912-FF60C8EF91BD}.Debug|x86.ActiveCfg = Debug|Any CPU
		{5F244D88-6DA7-4572-8912-FF60C8EF91BD}.Debug|x86.Build.0 = Debug|Any CPU
		{5F244D88-6DA7-4572-8912-FF60C8EF91BD}.Release|Any CPU.ActiveCfg = Release|Any CPU
		{5F244D88-6DA7-4572-8912-FF60C8EF91BD}.Release|Any CPU.Build.0 = Release|Any CPU
		{5F244D88-6DA7-4572-8912-FF60C8EF91BD}.Release|x64.ActiveCfg = Release|Any CPU
		{5F244D88-6DA7-4572-8912-FF60C8EF91BD}.Release|x64.Build.0 = Release|Any CPU
		{5F244D88-6DA7-4572-8912-FF60C8EF91BD}.Release|x86.ActiveCfg = Release|Any CPU
		{5F244D88-6DA7-4572-8912-FF60C8EF91BD}.Release|x86.Build.0 = Release|Any CPU
		{720F01C3-49BB-400A-82E8-94F5450B9645}.Debug|Any CPU.ActiveCfg = Debug|Any CPU
		{720F01C3-49BB-400A-82E8-94F5450B9645}.Debug|Any CPU.Build.0 = Debug|Any CPU
		{720F01C3-49BB-400A-82E8-94F5450B9645}.Debug|x64.ActiveCfg = Debug|Any CPU
		{720F01C3-49BB-400A-82E8-94F5450B9645}.Debug|x64.Build.0 = Debug|Any CPU
		{720F01C3-49BB-400A-82E8-94F5450B9645}.Debug|x86.ActiveCfg = Debug|Any CPU
		{720F01C3-49BB-400A-82E8-94F5450B9645}.Debug|x86.Build.0 = Debug|Any CPU
		{720F01C3-49BB-400A-82E8-94F5450B9645}.Release|Any CPU.ActiveCfg = Release|Any CPU
		{720F01C3-49BB-400A-82E8-94F5450B9645}.Release|Any CPU.Build.0 = Release|Any CPU
		{720F01C3-49BB-400A-82E8-94F5450B9645}.Release|x64.ActiveCfg = Release|Any CPU
		{720F01C3-49BB-400A-82E8-94F5450B9645}.Release|x64.Build.0 = Release|Any CPU
		{720F01C3-49BB-400A-82E8-94F5450B9645}.Release|x86.ActiveCfg = Release|Any CPU
		{720F01C3-49BB-400A-82E8-94F5450B9645}.Release|x86.Build.0 = Release|Any CPU
		{2629B400-F3D4-4DF9-B294-A237E4E1C64D}.Debug|Any CPU.ActiveCfg = Debug|Any CPU
		{2629B400-F3D4-4DF9-B294-A237E4E1C64D}.Debug|Any CPU.Build.0 = Debug|Any CPU
		{2629B400-F3D4-4DF9-B294-A237E4E1C64D}.Debug|x64.ActiveCfg = Debug|Any CPU
		{2629B400-F3D4-4DF9-B294-A237E4E1C64D}.Debug|x64.Build.0 = Debug|Any CPU
		{2629B400-F3D4-4DF9-B294-A237E4E1C64D}.Debug|x86.ActiveCfg = Debug|Any CPU
		{2629B400-F3D4-4DF9-B294-A237E4E1C64D}.Debug|x86.Build.0 = Debug|Any CPU
		{2629B400-F3D4-4DF9-B294-A237E4E1C64D}.Release|Any CPU.ActiveCfg = Release|Any CPU
		{2629B400-F3D4-4DF9-B294-A237E4E1C64D}.Release|Any CPU.Build.0 = Release|Any CPU
		{2629B400-F3D4-4DF9-B294-A237E4E1C64D}.Release|x64.ActiveCfg = Release|Any CPU
		{2629B400-F3D4-4DF9-B294-A237E4E1C64D}.Release|x64.Build.0 = Release|Any CPU
		{2629B400-F3D4-4DF9-B294-A237E4E1C64D}.Release|x86.ActiveCfg = Release|Any CPU
		{2629B400-F3D4-4DF9-B294-A237E4E1C64D}.Release|x86.Build.0 = Release|Any CPU
		{525DBD6A-3F20-4578-93A4-D0990051E483}.Debug|Any CPU.ActiveCfg = Debug|Any CPU
		{525DBD6A-3F20-4578-93A4-D0990051E483}.Debug|Any CPU.Build.0 = Debug|Any CPU
		{525DBD6A-3F20-4578-93A4-D0990051E483}.Debug|x64.ActiveCfg = Debug|Any CPU
		{525DBD6A-3F20-4578-93A4-D0990051E483}.Debug|x64.Build.0 = Debug|Any CPU
		{525DBD6A-3F20-4578-93A4-D0990051E483}.Debug|x86.ActiveCfg = Debug|Any CPU
		{525DBD6A-3F20-4578-93A4-D0990051E483}.Debug|x86.Build.0 = Debug|Any CPU
		{525DBD6A-3F20-4578-93A4-D0990051E483}.Release|Any CPU.ActiveCfg = Release|Any CPU
		{525DBD6A-3F20-4578-93A4-D0990051E483}.Release|Any CPU.Build.0 = Release|Any CPU
		{525DBD6A-3F20-4578-93A4-D0990051E483}.Release|x64.ActiveCfg = Release|Any CPU
		{525DBD6A-3F20-4578-93A4-D0990051E483}.Release|x64.Build.0 = Release|Any CPU
		{525DBD6A-3F20-4578-93A4-D0990051E483}.Release|x86.ActiveCfg = Release|Any CPU
		{525DBD6A-3F20-4578-93A4-D0990051E483}.Release|x86.Build.0 = Release|Any CPU
		{224FC28E-C57A-4C28-9244-1320C9BDF591}.Debug|Any CPU.ActiveCfg = Debug|Any CPU
		{224FC28E-C57A-4C28-9244-1320C9BDF591}.Debug|Any CPU.Build.0 = Debug|Any CPU
		{224FC28E-C57A-4C28-9244-1320C9BDF591}.Debug|x64.ActiveCfg = Debug|Any CPU
		{224FC28E-C57A-4C28-9244-1320C9BDF591}.Debug|x64.Build.0 = Debug|Any CPU
		{224FC28E-C57A-4C28-9244-1320C9BDF591}.Debug|x86.ActiveCfg = Debug|Any CPU
		{224FC28E-C57A-4C28-9244-1320C9BDF591}.Debug|x86.Build.0 = Debug|Any CPU
		{224FC28E-C57A-4C28-9244-1320C9BDF591}.Release|Any CPU.ActiveCfg = Release|Any CPU
		{224FC28E-C57A-4C28-9244-1320C9BDF591}.Release|Any CPU.Build.0 = Release|Any CPU
		{224FC28E-C57A-4C28-9244-1320C9BDF591}.Release|x64.ActiveCfg = Release|Any CPU
		{224FC28E-C57A-4C28-9244-1320C9BDF591}.Release|x64.Build.0 = Release|Any CPU
		{224FC28E-C57A-4C28-9244-1320C9BDF591}.Release|x86.ActiveCfg = Release|Any CPU
		{224FC28E-C57A-4C28-9244-1320C9BDF591}.Release|x86.Build.0 = Release|Any CPU
		{EF3BD852-9AC7-48D5-BB1D-17A4B60011E4}.Debug|Any CPU.ActiveCfg = Debug|Any CPU
		{EF3BD852-9AC7-48D5-BB1D-17A4B60011E4}.Debug|Any CPU.Build.0 = Debug|Any CPU
		{EF3BD852-9AC7-48D5-BB1D-17A4B60011E4}.Debug|x64.ActiveCfg = Debug|Any CPU
		{EF3BD852-9AC7-48D5-BB1D-17A4B60011E4}.Debug|x64.Build.0 = Debug|Any CPU
		{EF3BD852-9AC7-48D5-BB1D-17A4B60011E4}.Debug|x86.ActiveCfg = Debug|Any CPU
		{EF3BD852-9AC7-48D5-BB1D-17A4B60011E4}.Debug|x86.Build.0 = Debug|Any CPU
		{EF3BD852-9AC7-48D5-BB1D-17A4B60011E4}.Release|Any CPU.ActiveCfg = Release|Any CPU
		{EF3BD852-9AC7-48D5-BB1D-17A4B60011E4}.Release|Any CPU.Build.0 = Release|Any CPU
		{EF3BD852-9AC7-48D5-BB1D-17A4B60011E4}.Release|x64.ActiveCfg = Release|Any CPU
		{EF3BD852-9AC7-48D5-BB1D-17A4B60011E4}.Release|x64.Build.0 = Release|Any CPU
		{EF3BD852-9AC7-48D5-BB1D-17A4B60011E4}.Release|x86.ActiveCfg = Release|Any CPU
		{EF3BD852-9AC7-48D5-BB1D-17A4B60011E4}.Release|x86.Build.0 = Release|Any CPU
	EndGlobalSection
	GlobalSection(SolutionProperties) = preSolution
		HideSolutionNode = FALSE
	EndGlobalSection
	GlobalSection(NestedProjects) = preSolution
		{1F655D57-935D-D295-E882-5052ED9A6376} = {827E0CD3-B72D-47B6-A68D-7590B98EB39B}
		{004EF873-07FC-470F-A91B-8ECBE95C49BF} = {1F655D57-935D-D295-E882-5052ED9A6376}
		{DD20EE80-6E1E-434B-BCF5-0BEE63E575E0} = {0AB3BF05-4346-4AA6-1389-037BE0695223}
		{7F838D22-BBCC-2189-DC58-FA0F43262481} = {827E0CD3-B72D-47B6-A68D-7590B98EB39B}
		{9542FF2C-2F21-4138-93D3-D7E18C7D56D4} = {7F838D22-BBCC-2189-DC58-FA0F43262481}
		{7B7ADA87-775C-4974-AB55-BC478770B134} = {0AB3BF05-4346-4AA6-1389-037BE0695223}
		{716494CF-0CD2-4863-A011-207C0E68B2B4} = {1F655D57-935D-D295-E882-5052ED9A6376}
		{2FFB29F0-177D-4D2F-956B-2F4B58991E73} = {0AB3BF05-4346-4AA6-1389-037BE0695223}
		{36D7F330-35B9-41E0-8216-E014B4569D9D} = {7F838D22-BBCC-2189-DC58-FA0F43262481}
		{7BC2909D-B013-48D9-ABA1-88C4AA8F7791} = {0AB3BF05-4346-4AA6-1389-037BE0695223}
		{25C1444C-D62A-4550-B8C0-74AFA21B0D3A} = {7F838D22-BBCC-2189-DC58-FA0F43262481}
		{06874F93-0433-4025-A3BF-7B145B833F28} = {0AB3BF05-4346-4AA6-1389-037BE0695223}
		{E0AD1809-C64F-3D39-45E0-E424261CE16D} = {827E0CD3-B72D-47B6-A68D-7590B98EB39B}
		{53914AB7-AC84-46E9-9D2E-DA232775609A} = {E0AD1809-C64F-3D39-45E0-E424261CE16D}
		{22E05787-AAD2-498A-8E7C-27772BB913D3} = {0AB3BF05-4346-4AA6-1389-037BE0695223}
		{1E00291A-EE3E-40A4-BFA1-999F46588170} = {E0AD1809-C64F-3D39-45E0-E424261CE16D}
		{4F939181-E78F-4D17-9894-01A86B53B157} = {0AB3BF05-4346-4AA6-1389-037BE0695223}
		{CDBEF7A2-91A0-44B5-B924-4FC191F055F6} = {E0AD1809-C64F-3D39-45E0-E424261CE16D}
		{FB04440B-889B-45A5-BD2C-92351141632D} = {0AB3BF05-4346-4AA6-1389-037BE0695223}
		{9AEDF53F-FBB0-49A3-A4CC-13235095B01E} = {E0AD1809-C64F-3D39-45E0-E424261CE16D}
		{BF26B92D-4990-4427-B630-8A0E60D2710D} = {0AB3BF05-4346-4AA6-1389-037BE0695223}
		{C925AB06-19D5-406A-909B-97AF37079280} = {E0AD1809-C64F-3D39-45E0-E424261CE16D}
		{3C0DA9FA-94B5-4D08-AE8B-8FE9B7B87110} = {0AB3BF05-4346-4AA6-1389-037BE0695223}
		{56D249A3-4D02-4651-98ED-4C8357CC622F} = {E0AD1809-C64F-3D39-45E0-E424261CE16D}
		{03EB2D5D-47B2-43A7-9309-08ED3E7FE257} = {0AB3BF05-4346-4AA6-1389-037BE0695223}
		{4A1E1595-E889-42B3-8BC9-CD3AD66EFE3C} = {9A0CCAB9-4303-13B4-2371-F1B97FF5B728}
		{3187CF85-564D-4FB9-9179-56EF0D1026B6} = {0AB3BF05-4346-4AA6-1389-037BE0695223}
		{58A2821C-5718-4318-BFCB-D074703F5913} = {0AB3BF05-4346-4AA6-1389-037BE0695223}
		{8F6488F7-5DBB-4D6F-9555-26D1D64CACE6} = {E0AD1809-C64F-3D39-45E0-E424261CE16D}
		{6F5C2C6B-7956-4EA9-999A-5B5EA1914ABF} = {0AB3BF05-4346-4AA6-1389-037BE0695223}
		{10DED78B-C4DF-43E6-BE1C-2C7F011975DB} = {1F655D57-935D-D295-E882-5052ED9A6376}
		{28378593-DD81-4550-9BC2-5B0326CFCDEA} = {1F655D57-935D-D295-E882-5052ED9A6376}
		{5E5EE000-838C-4F6C-BE91-7F4327688572} = {0AB3BF05-4346-4AA6-1389-037BE0695223}
		{CF98EA22-C55A-4931-AF3E-81353EEFF46D} = {0AB3BF05-4346-4AA6-1389-037BE0695223}
		{9607C924-A95B-472C-B0A0-D770D761B779} = {1F655D57-935D-D295-E882-5052ED9A6376}
		{53F67BF8-087F-4DBB-BF63-60B22629E280} = {1F655D57-935D-D295-E882-5052ED9A6376}
		{01FADE11-DF36-46A0-BE52-9E110FD115F1} = {0AB3BF05-4346-4AA6-1389-037BE0695223}
		{3E212804-5203-4E8D-A0F0-E483CA448AF8} = {0AB3BF05-4346-4AA6-1389-037BE0695223}
		{DAB28637-D0D6-4165-A7E8-A3022D5A915C} = {0AB3BF05-4346-4AA6-1389-037BE0695223}
		{D2D8A460-B9AE-472D-B2C3-76BBBDCAC8DC} = {1F655D57-935D-D295-E882-5052ED9A6376}
		{01F12B55-BE06-44F3-9936-12942AF681DF} = {0AB3BF05-4346-4AA6-1389-037BE0695223}
		{EC447DCF-ABFA-6E24-52A5-D7FD48A5C558} = {827E0CD3-B72D-47B6-A68D-7590B98EB39B}
		{74DFAB0A-609A-42BE-AC55-132ABC9BE17E} = {EC447DCF-ABFA-6E24-52A5-D7FD48A5C558}
		{BEDD8956-DB09-4CAA-9A10-CAFF74E11D6F} = {0AB3BF05-4346-4AA6-1389-037BE0695223}
		{BB5C98B5-25C2-4BF3-A20E-6581B0740F82} = {E0AD1809-C64F-3D39-45E0-E424261CE16D}
		{8E03E8AA-D7F7-41F3-BF9B-325A04E013A9} = {E0AD1809-C64F-3D39-45E0-E424261CE16D}
		{11FBEF69-4FBB-47F5-B496-72F2A30E2C89} = {E0AD1809-C64F-3D39-45E0-E424261CE16D}
		{3A56AE0D-0FE8-4248-B1FE-E87797D4AFDE} = {0AB3BF05-4346-4AA6-1389-037BE0695223}
		{B0F3681A-CDD2-4C56-A220-E1F2F4228510} = {0AB3BF05-4346-4AA6-1389-037BE0695223}
		{CD48789F-92A1-4D39-8848-0BF9B8D26CEC} = {0AB3BF05-4346-4AA6-1389-037BE0695223}
		{A1F56395-A2A6-48EC-BDC6-C859678A0F64} = {0AB3BF05-4346-4AA6-1389-037BE0695223}
		{173FE180-4C6A-4BAA-BA3B-A9EA2141D485} = {E0AD1809-C64F-3D39-45E0-E424261CE16D}
		{8C5AE32B-E714-4B74-96C0-2081A4A2E85F} = {0AB3BF05-4346-4AA6-1389-037BE0695223}
		{1A94CDD7-F2E6-47D4-9EE0-F9208F66DD2D} = {E0AD1809-C64F-3D39-45E0-E424261CE16D}
		{9DD05305-8A14-496D-9A86-C641C95EAD03} = {0AB3BF05-4346-4AA6-1389-037BE0695223}
		{F8D88AF6-325D-4BB3-81F5-5FD7C3111447} = {E0AD1809-C64F-3D39-45E0-E424261CE16D}
		{81633D97-6B40-470E-B02C-CF7E77D83F0B} = {E0AD1809-C64F-3D39-45E0-E424261CE16D}
		{5F244D88-6DA7-4572-8912-FF60C8EF91BD} = {0AB3BF05-4346-4AA6-1389-037BE0695223}
		{720F01C3-49BB-400A-82E8-94F5450B9645} = {1F655D57-935D-D295-E882-5052ED9A6376}
		{2629B400-F3D4-4DF9-B294-A237E4E1C64D} = {0AB3BF05-4346-4AA6-1389-037BE0695223}
		{525DBD6A-3F20-4578-93A4-D0990051E483} = {0AB3BF05-4346-4AA6-1389-037BE0695223}
		{224FC28E-C57A-4C28-9244-1320C9BDF591} = {EC447DCF-ABFA-6E24-52A5-D7FD48A5C558}
		{EF3BD852-9AC7-48D5-BB1D-17A4B60011E4} = {EC447DCF-ABFA-6E24-52A5-D7FD48A5C558}
	EndGlobalSection
EndGlobal
